// !$*UTF8*$!
{
	archiveVersion = 1;
	classes = {
	};
	objectVersion = 56;
	objects = {

/* Begin PBXBuildFile section */
		4566838B2B662196002921BE /* GifticonTextRecogizer.swift in Sources */ = {isa = PBXBuildFile; fileRef = 4566838A2B662196002921BE /* GifticonTextRecogizer.swift */; };
		4566838D2B6623FF002921BE /* GifticonRecognizerError.swift in Sources */ = {isa = PBXBuildFile; fileRef = 4566838C2B6623FF002921BE /* GifticonRecognizerError.swift */; };
		456683902B662A85002921BE /* ExpiredParser.swift in Sources */ = {isa = PBXBuildFile; fileRef = 4566838F2B662A85002921BE /* ExpiredParser.swift */; };
		456683922B6648E9002921BE /* BalanceParser.swift in Sources */ = {isa = PBXBuildFile; fileRef = 456683912B6648E9002921BE /* BalanceParser.swift */; };
		456683942B6F7037002921BE /* BottomSheetView.swift in Sources */ = {isa = PBXBuildFile; fileRef = 456683932B6F7037002921BE /* BottomSheetView.swift */; };
		456683962B6FBC9A002921BE /* GifticonMakerDatePicker.swift in Sources */ = {isa = PBXBuildFile; fileRef = 456683952B6FBC9A002921BE /* GifticonMakerDatePicker.swift */; };
		456683982B6FC22B002921BE /* GifticonMakerThumbnailPicker.swift in Sources */ = {isa = PBXBuildFile; fileRef = 456683972B6FC22B002921BE /* GifticonMakerThumbnailPicker.swift */; };
		4566839A2B6FC421002921BE /* GifticonMakerThumbnailPickerCell.swift in Sources */ = {isa = PBXBuildFile; fileRef = 456683992B6FC421002921BE /* GifticonMakerThumbnailPickerCell.swift */; };
		4566839C2B6FCAEA002921BE /* GIfticonMakerThumbnailInputView.swift in Sources */ = {isa = PBXBuildFile; fileRef = 4566839B2B6FCAEA002921BE /* GIfticonMakerThumbnailInputView.swift */; };
		458E04B72B49BD5600F10908 /* GifticonMakerLabelView.swift in Sources */ = {isa = PBXBuildFile; fileRef = 458E04B62B49BD5600F10908 /* GifticonMakerLabelView.swift */; };
		458E04B92B49C7D400F10908 /* GifticonMakerTextInputView.swift in Sources */ = {isa = PBXBuildFile; fileRef = 458E04B82B49C7D400F10908 /* GifticonMakerTextInputView.swift */; };
		458E04BC2B4DAABC00F10908 /* GifticonCandidate.swift in Sources */ = {isa = PBXBuildFile; fileRef = 458E04BB2B4DAABC00F10908 /* GifticonCandidate.swift */; };
		458E04BE2B4DAADE00F10908 /* GifticonMakerViewModel.swift in Sources */ = {isa = PBXBuildFile; fileRef = 458E04BD2B4DAADE00F10908 /* GifticonMakerViewModel.swift */; };
		459188A82A763D6200EFA2B6 /* LoginImageCell.swift in Sources */ = {isa = PBXBuildFile; fileRef = 459188A72A763D6200EFA2B6 /* LoginImageCell.swift */; };
		459188AB2A763F6800EFA2B6 /* LoginAnimationType.swift in Sources */ = {isa = PBXBuildFile; fileRef = 459188AA2A763F6800EFA2B6 /* LoginAnimationType.swift */; };
		459188AD2A76438200EFA2B6 /* LoginType.swift in Sources */ = {isa = PBXBuildFile; fileRef = 459188AC2A76438200EFA2B6 /* LoginType.swift */; };
		459188AF2A76480600EFA2B6 /* LoginButton.swift in Sources */ = {isa = PBXBuildFile; fileRef = 459188AE2A76480600EFA2B6 /* LoginButton.swift */; };
		459188B22A764DF200EFA2B6 /* LoginViewModel.swift in Sources */ = {isa = PBXBuildFile; fileRef = 459188B12A764DF200EFA2B6 /* LoginViewModel.swift */; };
		45924D322B25BC1E00218AE6 /* GifticonField.swift in Sources */ = {isa = PBXBuildFile; fileRef = 45924D312B25BC1E00218AE6 /* GifticonField.swift */; };
		45924D342B25BCB700218AE6 /* GifticonMakerFiledListCell.swift in Sources */ = {isa = PBXBuildFile; fileRef = 45924D332B25BCB700218AE6 /* GifticonMakerFiledListCell.swift */; };
		45924D362B25DD0100218AE6 /* GifticonMakerPreviewButton.swift in Sources */ = {isa = PBXBuildFile; fileRef = 45924D352B25DD0100218AE6 /* GifticonMakerPreviewButton.swift */; };
		45924D382B3D41FA00218AE6 /* GifticonMakeButton.swift in Sources */ = {isa = PBXBuildFile; fileRef = 45924D372B3D41FA00218AE6 /* GifticonMakeButton.swift */; };
		45924D3A2B3D534C00218AE6 /* GifticonMakerPreview.swift in Sources */ = {isa = PBXBuildFile; fileRef = 45924D392B3D534C00218AE6 /* GifticonMakerPreview.swift */; };
		45924D3C2B3D536B00218AE6 /* GifticonMakerPreviewSubView.swift in Sources */ = {isa = PBXBuildFile; fileRef = 45924D3B2B3D536B00218AE6 /* GifticonMakerPreviewSubView.swift */; };
		45924D3E2B4942B800218AE6 /* GifticonMakerPreviewSubviewTitle.swift in Sources */ = {isa = PBXBuildFile; fileRef = 45924D3D2B4942B800218AE6 /* GifticonMakerPreviewSubviewTitle.swift */; };
		45924D402B49445400218AE6 /* GifticonMakerPreviewSubviewLabel.swift in Sources */ = {isa = PBXBuildFile; fileRef = 45924D3F2B49445400218AE6 /* GifticonMakerPreviewSubviewLabel.swift */; };
		45924D422B49474500218AE6 /* GifticonMakerPreviewSubviewImageView.swift in Sources */ = {isa = PBXBuildFile; fileRef = 45924D412B49474500218AE6 /* GifticonMakerPreviewSubviewImageView.swift */; };
		45924D442B494F7F00218AE6 /* GifticonMakerPreviewSubViewDate.swift in Sources */ = {isa = PBXBuildFile; fileRef = 45924D432B494F7F00218AE6 /* GifticonMakerPreviewSubViewDate.swift */; };
		45924D462B49534C00218AE6 /* GifticonMakerPreviewCell.swift in Sources */ = {isa = PBXBuildFile; fileRef = 45924D452B49534C00218AE6 /* GifticonMakerPreviewCell.swift */; };
		45924D482B49568F00218AE6 /* GifticonMakerPreviewList.swift in Sources */ = {isa = PBXBuildFile; fileRef = 45924D472B49568F00218AE6 /* GifticonMakerPreviewList.swift */; };
		45983EDF2A3857CE00203EBB /* RootViewController.swift in Sources */ = {isa = PBXBuildFile; fileRef = 45983EDB2A3857CE00203EBB /* RootViewController.swift */; };
		45983EE42A38588E00203EBB /* StaticConfig.swift in Sources */ = {isa = PBXBuildFile; fileRef = 45983EE32A38588E00203EBB /* StaticConfig.swift */; };
		45983F032A385A9200203EBB /* Color.swift in Sources */ = {isa = PBXBuildFile; fileRef = 45983F022A385A9200203EBB /* Color.swift */; };
		45983F052A385A9900203EBB /* Font.swift in Sources */ = {isa = PBXBuildFile; fileRef = 45983F042A385A9900203EBB /* Font.swift */; };
		45983F082A385B7C00203EBB /* UIColor+Extension.swift in Sources */ = {isa = PBXBuildFile; fileRef = 45983F072A385B7C00203EBB /* UIColor+Extension.swift */; };
		45983F0A2A38609B00203EBB /* String+Extension.swift in Sources */ = {isa = PBXBuildFile; fileRef = 45983F092A38609B00203EBB /* String+Extension.swift */; };
		45AC42C62AEE37C100733052 /* RegisterNavigationController.swift in Sources */ = {isa = PBXBuildFile; fileRef = 45AC42C52AEE37C100733052 /* RegisterNavigationController.swift */; };
		45AC42C92AEE392C00733052 /* GalleryEvent.swift in Sources */ = {isa = PBXBuildFile; fileRef = 45AC42C82AEE392C00733052 /* GalleryEvent.swift */; };
		45AC42CD2AEE3D9E00733052 /* GifticonMakerEvent.swift in Sources */ = {isa = PBXBuildFile; fileRef = 45AC42CC2AEE3D9E00733052 /* GifticonMakerEvent.swift */; };
		45AC42CF2AEE3E9C00733052 /* GifticonMakerViewController.swift in Sources */ = {isa = PBXBuildFile; fileRef = 45AC42CE2AEE3E9C00733052 /* GifticonMakerViewController.swift */; };
		45AC42D22AEE3FB800733052 /* GifticonMakerTopView.swift in Sources */ = {isa = PBXBuildFile; fileRef = 45AC42D12AEE3FB800733052 /* GifticonMakerTopView.swift */; };
		45AC42D42AEE419D00733052 /* CommonAlerView.swift in Sources */ = {isa = PBXBuildFile; fileRef = 45AC42D32AEE419D00733052 /* CommonAlerView.swift */; };
		45AE7D012B53C85A0079E3F6 /* GifticonCandidateListView.swift in Sources */ = {isa = PBXBuildFile; fileRef = 45AE7D002B53C85A0079E3F6 /* GifticonCandidateListView.swift */; };
		45AE7D032B53D3D90079E3F6 /* GifticonCandidateListCell.swift in Sources */ = {isa = PBXBuildFile; fileRef = 45AE7D022B53D3D90079E3F6 /* GifticonCandidateListCell.swift */; };
		45B4AC002AD3DE9800F59397 /* Dms.swift in Sources */ = {isa = PBXBuildFile; fileRef = 45B4ABFF2AD3DE9800F59397 /* Dms.swift */; };
		45B4AC022AD3E33400F59397 /* UsageHistory.swift in Sources */ = {isa = PBXBuildFile; fileRef = 45B4AC012AD3E33400F59397 /* UsageHistory.swift */; };
		45B4AC042AD3E83300F59397 /* BrandSection.swift in Sources */ = {isa = PBXBuildFile; fileRef = 45B4AC032AD3E83300F59397 /* BrandSection.swift */; };
		45B4AC062AD3E94100F59397 /* BrandLocation.swift in Sources */ = {isa = PBXBuildFile; fileRef = 45B4AC052AD3E94100F59397 /* BrandLocation.swift */; };
		45B4AC082AD4185100F59397 /* MainGifticonByLocationCell.swift in Sources */ = {isa = PBXBuildFile; fileRef = 45B4AC072AD4185100F59397 /* MainGifticonByLocationCell.swift */; };
		45B4AC0A2AD420BA00F59397 /* MainGifticonListByLocation.swift in Sources */ = {isa = PBXBuildFile; fileRef = 45B4AC092AD420BA00F59397 /* MainGifticonListByLocation.swift */; };
		45B4AC0C2AD426BA00F59397 /* MainGifticonListHeader.swift in Sources */ = {isa = PBXBuildFile; fileRef = 45B4AC0B2AD426BA00F59397 /* MainGifticonListHeader.swift */; };
		45B4AC0E2AD43B1200F59397 /* MainGifticonOrderButton.swift in Sources */ = {isa = PBXBuildFile; fileRef = 45B4AC0D2AD43B1200F59397 /* MainGifticonOrderButton.swift */; };
		45B4AC102AD43E6F00F59397 /* GifticonBrandListCell.swift in Sources */ = {isa = PBXBuildFile; fileRef = 45B4AC0F2AD43E6F00F59397 /* GifticonBrandListCell.swift */; };
		45B4AC122AD447D400F59397 /* MainGifticonEditButton.swift in Sources */ = {isa = PBXBuildFile; fileRef = 45B4AC112AD447D400F59397 /* MainGifticonEditButton.swift */; };
		45B4AC232AD44F6C00F59397 /* MainGifticonListCell.swift in Sources */ = {isa = PBXBuildFile; fileRef = 45B4AC222AD44F6C00F59397 /* MainGifticonListCell.swift */; };
		45B4AC6E2ADD910900F59397 /* MainGifticonListFooter.swift in Sources */ = {isa = PBXBuildFile; fileRef = 45B4AC6D2ADD910900F59397 /* MainGifticonListFooter.swift */; };
		45B4AC732ADD9B6500F59397 /* GalleryViewController.swift in Sources */ = {isa = PBXBuildFile; fileRef = 45B4AC722ADD9B6500F59397 /* GalleryViewController.swift */; };
		45B4AC762ADD9BB500F59397 /* GalleryTopView.swift in Sources */ = {isa = PBXBuildFile; fileRef = 45B4AC752ADD9BB500F59397 /* GalleryTopView.swift */; };
		45B4AC782ADDA0D000F59397 /* GallerySelectedImageListView.swift in Sources */ = {isa = PBXBuildFile; fileRef = 45B4AC772ADDA0D000F59397 /* GallerySelectedImageListView.swift */; };
		45B4AC7A2ADDA0FD00F59397 /* GalleryBottomView.swift in Sources */ = {isa = PBXBuildFile; fileRef = 45B4AC792ADDA0FD00F59397 /* GalleryBottomView.swift */; };
		45B4AC7C2ADDA16200F59397 /* SelectedImageViewModel.swift in Sources */ = {isa = PBXBuildFile; fileRef = 45B4AC7B2ADDA16200F59397 /* SelectedImageViewModel.swift */; };
		45B4AC7E2ADDA18B00F59397 /* Constant.swift in Sources */ = {isa = PBXBuildFile; fileRef = 45B4AC7D2ADDA18B00F59397 /* Constant.swift */; };
		45B4AC802ADDA67A00F59397 /* GalleryPageButton.swift in Sources */ = {isa = PBXBuildFile; fileRef = 45B4AC7F2ADDA67A00F59397 /* GalleryPageButton.swift */; };
		45B4AC832ADDA71400F59397 /* BaseSelectButton.swift in Sources */ = {isa = PBXBuildFile; fileRef = 45B4AC822ADDA71400F59397 /* BaseSelectButton.swift */; };
		45B4AC852ADDA8B300F59397 /* GalleryPageTabView.swift in Sources */ = {isa = PBXBuildFile; fileRef = 45B4AC842ADDA8B300F59397 /* GalleryPageTabView.swift */; };
		45B4AC882AE18A4400F59397 /* GalleryPagePhotoCell.swift in Sources */ = {isa = PBXBuildFile; fileRef = 45B4AC872AE18A4400F59397 /* GalleryPagePhotoCell.swift */; };
		45B4AC8A2AE18E7D00F59397 /* GalleryPageViewController.swift in Sources */ = {isa = PBXBuildFile; fileRef = 45B4AC892AE18E7D00F59397 /* GalleryPageViewController.swift */; };
		45B4AC8D2AE1932300F59397 /* SelectedImage.swift in Sources */ = {isa = PBXBuildFile; fileRef = 45B4AC8C2AE1932300F59397 /* SelectedImage.swift */; };
		45B4AC8F2AE196CB00F59397 /* GallerySelectedImageListCell.swift in Sources */ = {isa = PBXBuildFile; fileRef = 45B4AC8E2AE196CB00F59397 /* GallerySelectedImageListCell.swift */; };
		45B4AC922AE562C900F59397 /* GalleryPageInteractor.swift in Sources */ = {isa = PBXBuildFile; fileRef = 45B4AC912AE562C900F59397 /* GalleryPageInteractor.swift */; };
		45B9E5D82A76346B00915DD9 /* Dimension.swift in Sources */ = {isa = PBXBuildFile; fileRef = 45B9E5D72A76346B00915DD9 /* Dimension.swift */; };
		45B9E5E92A76386D00915DD9 /* Beep.bundle in Resources */ = {isa = PBXBuildFile; fileRef = 45B9E5E82A76386D00915DD9 /* Beep.bundle */; };
		45C27DB22AC7E5C9000FA158 /* MainViewController.swift in Sources */ = {isa = PBXBuildFile; fileRef = 45C27DB12AC7E5C9000FA158 /* MainViewController.swift */; };
		45C27DB52AC7E767000FA158 /* MainTopView.swift in Sources */ = {isa = PBXBuildFile; fileRef = 45C27DB42AC7E767000FA158 /* MainTopView.swift */; };
		45C27DB72AC7E864000FA158 /* LoginInfo.swift in Sources */ = {isa = PBXBuildFile; fileRef = 45C27DB62AC7E864000FA158 /* LoginInfo.swift */; };
		45D0365E2A8B45F900FE5042 /* UIImage+Extension.swift in Sources */ = {isa = PBXBuildFile; fileRef = 45D0365D2A8B45F900FE5042 /* UIImage+Extension.swift */; };
		45D036602A8B4B1800FE5042 /* LoginButtonCell.swift in Sources */ = {isa = PBXBuildFile; fileRef = 45D0365F2A8B4B1800FE5042 /* LoginButtonCell.swift */; };
		45D036632A8B602200FE5042 /* PermissionViewController.swift in Sources */ = {isa = PBXBuildFile; fileRef = 45D036622A8B602200FE5042 /* PermissionViewController.swift */; };
		45D036662A8B611400FE5042 /* PermissionType.swift in Sources */ = {isa = PBXBuildFile; fileRef = 45D036652A8B611400FE5042 /* PermissionType.swift */; };
		45D036692A8B628800FE5042 /* PermissionTypeView.swift in Sources */ = {isa = PBXBuildFile; fileRef = 45D036682A8B628800FE5042 /* PermissionTypeView.swift */; };
		45D0366B2A8B654700FE5042 /* PermissionView.swift in Sources */ = {isa = PBXBuildFile; fileRef = 45D0366A2A8B654700FE5042 /* PermissionView.swift */; };
		45D0366E2A8B6FC800FE5042 /* Gifticon.swift in Sources */ = {isa = PBXBuildFile; fileRef = 45D0366D2A8B6FC800FE5042 /* Gifticon.swift */; };
		45D036702AADBB8300FE5042 /* LoginViewModel+Naver.swift in Sources */ = {isa = PBXBuildFile; fileRef = 45D0366F2AADBB8300FE5042 /* LoginViewModel+Naver.swift */; };
		45D160872A2F1C3500D633E1 /* AppDelegate.swift in Sources */ = {isa = PBXBuildFile; fileRef = 45D160862A2F1C3500D633E1 /* AppDelegate.swift */; };
		45D1608B2A2F1C3500D633E1 /* ViewController.swift in Sources */ = {isa = PBXBuildFile; fileRef = 45D1608A2A2F1C3500D633E1 /* ViewController.swift */; };
		45D160902A2F1C3800D633E1 /* Assets.xcassets in Resources */ = {isa = PBXBuildFile; fileRef = 45D1608F2A2F1C3800D633E1 /* Assets.xcassets */; };
		45D160932A2F1C3800D633E1 /* LaunchScreen.storyboard in Resources */ = {isa = PBXBuildFile; fileRef = 45D160912A2F1C3800D633E1 /* LaunchScreen.storyboard */; };
		45E884662A6D2AE00094A155 /* LoginViewController.swift in Sources */ = {isa = PBXBuildFile; fileRef = 45E884652A6D2AE00094A155 /* LoginViewController.swift */; };
		45FC3D102B77BAA90032F305 /* GifticonMakerScrollView.swift in Sources */ = {isa = PBXBuildFile; fileRef = 45FC3D0F2B77BAA90032F305 /* GifticonMakerScrollView.swift */; };
		45FC3D122B77C4940032F305 /* GifticonMakerCropView.swift in Sources */ = {isa = PBXBuildFile; fileRef = 45FC3D112B77C4940032F305 /* GifticonMakerCropView.swift */; };
		45FC3D232B77C6B40032F305 /* GifticonMakerCropHandler.swift in Sources */ = {isa = PBXBuildFile; fileRef = 45FC3D222B77C6B40032F305 /* GifticonMakerCropHandler.swift */; };
		45FC3D342B7930E80032F305 /* GifticonMakerDrawView.swift in Sources */ = {isa = PBXBuildFile; fileRef = 45FC3D332B7930E80032F305 /* GifticonMakerDrawView.swift */; };
		45FC3D362B7933150032F305 /* CGRect+Extension.swift in Sources */ = {isa = PBXBuildFile; fileRef = 45FC3D352B7933150032F305 /* CGRect+Extension.swift */; };
		45FC3D382B7A27320032F305 /* GifticonMakerScrollViewModeButton.swift in Sources */ = {isa = PBXBuildFile; fileRef = 45FC3D372B7A27320032F305 /* GifticonMakerScrollViewModeButton.swift */; };
		4C9B012C178C45DEF1859192 /* Pods_beep_ios.framework in Frameworks */ = {isa = PBXBuildFile; fileRef = E1D659B1DF638A0581A94BBC /* Pods_beep_ios.framework */; };
/* End PBXBuildFile section */

/* Begin PBXFileReference section */
		4566838A2B662196002921BE /* GifticonTextRecogizer.swift */ = {isa = PBXFileReference; lastKnownFileType = sourcecode.swift; path = GifticonTextRecogizer.swift; sourceTree = "<group>"; };
		4566838C2B6623FF002921BE /* GifticonRecognizerError.swift */ = {isa = PBXFileReference; lastKnownFileType = sourcecode.swift; path = GifticonRecognizerError.swift; sourceTree = "<group>"; };
		4566838F2B662A85002921BE /* ExpiredParser.swift */ = {isa = PBXFileReference; lastKnownFileType = sourcecode.swift; path = ExpiredParser.swift; sourceTree = "<group>"; };
		456683912B6648E9002921BE /* BalanceParser.swift */ = {isa = PBXFileReference; lastKnownFileType = sourcecode.swift; path = BalanceParser.swift; sourceTree = "<group>"; };
		456683932B6F7037002921BE /* BottomSheetView.swift */ = {isa = PBXFileReference; lastKnownFileType = sourcecode.swift; path = BottomSheetView.swift; sourceTree = "<group>"; };
		456683952B6FBC9A002921BE /* GifticonMakerDatePicker.swift */ = {isa = PBXFileReference; lastKnownFileType = sourcecode.swift; path = GifticonMakerDatePicker.swift; sourceTree = "<group>"; };
		456683972B6FC22B002921BE /* GifticonMakerThumbnailPicker.swift */ = {isa = PBXFileReference; lastKnownFileType = sourcecode.swift; path = GifticonMakerThumbnailPicker.swift; sourceTree = "<group>"; };
		456683992B6FC421002921BE /* GifticonMakerThumbnailPickerCell.swift */ = {isa = PBXFileReference; lastKnownFileType = sourcecode.swift; path = GifticonMakerThumbnailPickerCell.swift; sourceTree = "<group>"; };
		4566839B2B6FCAEA002921BE /* GIfticonMakerThumbnailInputView.swift */ = {isa = PBXFileReference; lastKnownFileType = sourcecode.swift; path = GIfticonMakerThumbnailInputView.swift; sourceTree = "<group>"; };
		458E04B62B49BD5600F10908 /* GifticonMakerLabelView.swift */ = {isa = PBXFileReference; lastKnownFileType = sourcecode.swift; path = GifticonMakerLabelView.swift; sourceTree = "<group>"; };
		458E04B82B49C7D400F10908 /* GifticonMakerTextInputView.swift */ = {isa = PBXFileReference; lastKnownFileType = sourcecode.swift; path = GifticonMakerTextInputView.swift; sourceTree = "<group>"; };
		458E04BB2B4DAABC00F10908 /* GifticonCandidate.swift */ = {isa = PBXFileReference; lastKnownFileType = sourcecode.swift; path = GifticonCandidate.swift; sourceTree = "<group>"; };
		458E04BD2B4DAADE00F10908 /* GifticonMakerViewModel.swift */ = {isa = PBXFileReference; lastKnownFileType = sourcecode.swift; path = GifticonMakerViewModel.swift; sourceTree = "<group>"; };
		459188A72A763D6200EFA2B6 /* LoginImageCell.swift */ = {isa = PBXFileReference; lastKnownFileType = sourcecode.swift; path = LoginImageCell.swift; sourceTree = "<group>"; };
		459188AA2A763F6800EFA2B6 /* LoginAnimationType.swift */ = {isa = PBXFileReference; lastKnownFileType = sourcecode.swift; path = LoginAnimationType.swift; sourceTree = "<group>"; };
		459188AC2A76438200EFA2B6 /* LoginType.swift */ = {isa = PBXFileReference; lastKnownFileType = sourcecode.swift; path = LoginType.swift; sourceTree = "<group>"; };
		459188AE2A76480600EFA2B6 /* LoginButton.swift */ = {isa = PBXFileReference; lastKnownFileType = sourcecode.swift; path = LoginButton.swift; sourceTree = "<group>"; };
		459188B12A764DF200EFA2B6 /* LoginViewModel.swift */ = {isa = PBXFileReference; lastKnownFileType = sourcecode.swift; path = LoginViewModel.swift; sourceTree = "<group>"; };
		45924D312B25BC1E00218AE6 /* GifticonField.swift */ = {isa = PBXFileReference; lastKnownFileType = sourcecode.swift; path = GifticonField.swift; sourceTree = "<group>"; };
		45924D332B25BCB700218AE6 /* GifticonMakerFiledListCell.swift */ = {isa = PBXFileReference; lastKnownFileType = sourcecode.swift; path = GifticonMakerFiledListCell.swift; sourceTree = "<group>"; };
		45924D352B25DD0100218AE6 /* GifticonMakerPreviewButton.swift */ = {isa = PBXFileReference; lastKnownFileType = sourcecode.swift; path = GifticonMakerPreviewButton.swift; sourceTree = "<group>"; };
		45924D372B3D41FA00218AE6 /* GifticonMakeButton.swift */ = {isa = PBXFileReference; lastKnownFileType = sourcecode.swift; path = GifticonMakeButton.swift; sourceTree = "<group>"; };
		45924D392B3D534C00218AE6 /* GifticonMakerPreview.swift */ = {isa = PBXFileReference; lastKnownFileType = sourcecode.swift; path = GifticonMakerPreview.swift; sourceTree = "<group>"; };
		45924D3B2B3D536B00218AE6 /* GifticonMakerPreviewSubView.swift */ = {isa = PBXFileReference; lastKnownFileType = sourcecode.swift; path = GifticonMakerPreviewSubView.swift; sourceTree = "<group>"; };
		45924D3D2B4942B800218AE6 /* GifticonMakerPreviewSubviewTitle.swift */ = {isa = PBXFileReference; lastKnownFileType = sourcecode.swift; path = GifticonMakerPreviewSubviewTitle.swift; sourceTree = "<group>"; };
		45924D3F2B49445400218AE6 /* GifticonMakerPreviewSubviewLabel.swift */ = {isa = PBXFileReference; lastKnownFileType = sourcecode.swift; path = GifticonMakerPreviewSubviewLabel.swift; sourceTree = "<group>"; };
		45924D412B49474500218AE6 /* GifticonMakerPreviewSubviewImageView.swift */ = {isa = PBXFileReference; lastKnownFileType = sourcecode.swift; path = GifticonMakerPreviewSubviewImageView.swift; sourceTree = "<group>"; };
		45924D432B494F7F00218AE6 /* GifticonMakerPreviewSubViewDate.swift */ = {isa = PBXFileReference; lastKnownFileType = sourcecode.swift; path = GifticonMakerPreviewSubViewDate.swift; sourceTree = "<group>"; };
		45924D452B49534C00218AE6 /* GifticonMakerPreviewCell.swift */ = {isa = PBXFileReference; lastKnownFileType = sourcecode.swift; path = GifticonMakerPreviewCell.swift; sourceTree = "<group>"; };
		45924D472B49568F00218AE6 /* GifticonMakerPreviewList.swift */ = {isa = PBXFileReference; lastKnownFileType = sourcecode.swift; path = GifticonMakerPreviewList.swift; sourceTree = "<group>"; };
		45983EDB2A3857CE00203EBB /* RootViewController.swift */ = {isa = PBXFileReference; lastKnownFileType = sourcecode.swift; path = RootViewController.swift; sourceTree = "<group>"; };
		45983EE32A38588E00203EBB /* StaticConfig.swift */ = {isa = PBXFileReference; lastKnownFileType = sourcecode.swift; path = StaticConfig.swift; sourceTree = "<group>"; };
		45983F022A385A9200203EBB /* Color.swift */ = {isa = PBXFileReference; lastKnownFileType = sourcecode.swift; path = Color.swift; sourceTree = "<group>"; };
		45983F042A385A9900203EBB /* Font.swift */ = {isa = PBXFileReference; lastKnownFileType = sourcecode.swift; path = Font.swift; sourceTree = "<group>"; };
		45983F072A385B7C00203EBB /* UIColor+Extension.swift */ = {isa = PBXFileReference; lastKnownFileType = sourcecode.swift; path = "UIColor+Extension.swift"; sourceTree = "<group>"; };
		45983F092A38609B00203EBB /* String+Extension.swift */ = {isa = PBXFileReference; lastKnownFileType = sourcecode.swift; path = "String+Extension.swift"; sourceTree = "<group>"; };
		45AC42C52AEE37C100733052 /* RegisterNavigationController.swift */ = {isa = PBXFileReference; lastKnownFileType = sourcecode.swift; path = RegisterNavigationController.swift; sourceTree = "<group>"; };
		45AC42C82AEE392C00733052 /* GalleryEvent.swift */ = {isa = PBXFileReference; lastKnownFileType = sourcecode.swift; path = GalleryEvent.swift; sourceTree = "<group>"; };
		45AC42CC2AEE3D9E00733052 /* GifticonMakerEvent.swift */ = {isa = PBXFileReference; lastKnownFileType = sourcecode.swift; path = GifticonMakerEvent.swift; sourceTree = "<group>"; };
		45AC42CE2AEE3E9C00733052 /* GifticonMakerViewController.swift */ = {isa = PBXFileReference; lastKnownFileType = sourcecode.swift; path = GifticonMakerViewController.swift; sourceTree = "<group>"; };
		45AC42D12AEE3FB800733052 /* GifticonMakerTopView.swift */ = {isa = PBXFileReference; lastKnownFileType = sourcecode.swift; path = GifticonMakerTopView.swift; sourceTree = "<group>"; };
		45AC42D32AEE419D00733052 /* CommonAlerView.swift */ = {isa = PBXFileReference; lastKnownFileType = sourcecode.swift; path = CommonAlerView.swift; sourceTree = "<group>"; };
		45AE7D002B53C85A0079E3F6 /* GifticonCandidateListView.swift */ = {isa = PBXFileReference; lastKnownFileType = sourcecode.swift; path = GifticonCandidateListView.swift; sourceTree = "<group>"; };
		45AE7D022B53D3D90079E3F6 /* GifticonCandidateListCell.swift */ = {isa = PBXFileReference; lastKnownFileType = sourcecode.swift; path = GifticonCandidateListCell.swift; sourceTree = "<group>"; };
		45B4ABFF2AD3DE9800F59397 /* Dms.swift */ = {isa = PBXFileReference; lastKnownFileType = sourcecode.swift; path = Dms.swift; sourceTree = "<group>"; };
		45B4AC012AD3E33400F59397 /* UsageHistory.swift */ = {isa = PBXFileReference; lastKnownFileType = sourcecode.swift; path = UsageHistory.swift; sourceTree = "<group>"; };
		45B4AC032AD3E83300F59397 /* BrandSection.swift */ = {isa = PBXFileReference; lastKnownFileType = sourcecode.swift; path = BrandSection.swift; sourceTree = "<group>"; };
		45B4AC052AD3E94100F59397 /* BrandLocation.swift */ = {isa = PBXFileReference; lastKnownFileType = sourcecode.swift; path = BrandLocation.swift; sourceTree = "<group>"; };
		45B4AC072AD4185100F59397 /* MainGifticonByLocationCell.swift */ = {isa = PBXFileReference; lastKnownFileType = sourcecode.swift; path = MainGifticonByLocationCell.swift; sourceTree = "<group>"; };
		45B4AC092AD420BA00F59397 /* MainGifticonListByLocation.swift */ = {isa = PBXFileReference; lastKnownFileType = sourcecode.swift; path = MainGifticonListByLocation.swift; sourceTree = "<group>"; };
		45B4AC0B2AD426BA00F59397 /* MainGifticonListHeader.swift */ = {isa = PBXFileReference; lastKnownFileType = sourcecode.swift; path = MainGifticonListHeader.swift; sourceTree = "<group>"; };
		45B4AC0D2AD43B1200F59397 /* MainGifticonOrderButton.swift */ = {isa = PBXFileReference; lastKnownFileType = sourcecode.swift; path = MainGifticonOrderButton.swift; sourceTree = "<group>"; };
		45B4AC0F2AD43E6F00F59397 /* GifticonBrandListCell.swift */ = {isa = PBXFileReference; lastKnownFileType = sourcecode.swift; path = GifticonBrandListCell.swift; sourceTree = "<group>"; };
		45B4AC112AD447D400F59397 /* MainGifticonEditButton.swift */ = {isa = PBXFileReference; lastKnownFileType = sourcecode.swift; path = MainGifticonEditButton.swift; sourceTree = "<group>"; };
		45B4AC222AD44F6C00F59397 /* MainGifticonListCell.swift */ = {isa = PBXFileReference; lastKnownFileType = sourcecode.swift; path = MainGifticonListCell.swift; sourceTree = "<group>"; };
		45B4AC6D2ADD910900F59397 /* MainGifticonListFooter.swift */ = {isa = PBXFileReference; lastKnownFileType = sourcecode.swift; path = MainGifticonListFooter.swift; sourceTree = "<group>"; };
		45B4AC722ADD9B6500F59397 /* GalleryViewController.swift */ = {isa = PBXFileReference; lastKnownFileType = sourcecode.swift; path = GalleryViewController.swift; sourceTree = "<group>"; };
		45B4AC752ADD9BB500F59397 /* GalleryTopView.swift */ = {isa = PBXFileReference; lastKnownFileType = sourcecode.swift; path = GalleryTopView.swift; sourceTree = "<group>"; };
		45B4AC772ADDA0D000F59397 /* GallerySelectedImageListView.swift */ = {isa = PBXFileReference; lastKnownFileType = sourcecode.swift; path = GallerySelectedImageListView.swift; sourceTree = "<group>"; };
		45B4AC792ADDA0FD00F59397 /* GalleryBottomView.swift */ = {isa = PBXFileReference; lastKnownFileType = sourcecode.swift; path = GalleryBottomView.swift; sourceTree = "<group>"; };
		45B4AC7B2ADDA16200F59397 /* SelectedImageViewModel.swift */ = {isa = PBXFileReference; lastKnownFileType = sourcecode.swift; path = SelectedImageViewModel.swift; sourceTree = "<group>"; };
		45B4AC7D2ADDA18B00F59397 /* Constant.swift */ = {isa = PBXFileReference; lastKnownFileType = sourcecode.swift; path = Constant.swift; sourceTree = "<group>"; };
		45B4AC7F2ADDA67A00F59397 /* GalleryPageButton.swift */ = {isa = PBXFileReference; lastKnownFileType = sourcecode.swift; path = GalleryPageButton.swift; sourceTree = "<group>"; };
		45B4AC822ADDA71400F59397 /* BaseSelectButton.swift */ = {isa = PBXFileReference; lastKnownFileType = sourcecode.swift; path = BaseSelectButton.swift; sourceTree = "<group>"; };
		45B4AC842ADDA8B300F59397 /* GalleryPageTabView.swift */ = {isa = PBXFileReference; lastKnownFileType = sourcecode.swift; path = GalleryPageTabView.swift; sourceTree = "<group>"; };
		45B4AC872AE18A4400F59397 /* GalleryPagePhotoCell.swift */ = {isa = PBXFileReference; lastKnownFileType = sourcecode.swift; path = GalleryPagePhotoCell.swift; sourceTree = "<group>"; };
		45B4AC892AE18E7D00F59397 /* GalleryPageViewController.swift */ = {isa = PBXFileReference; lastKnownFileType = sourcecode.swift; path = GalleryPageViewController.swift; sourceTree = "<group>"; };
		45B4AC8C2AE1932300F59397 /* SelectedImage.swift */ = {isa = PBXFileReference; lastKnownFileType = sourcecode.swift; path = SelectedImage.swift; sourceTree = "<group>"; };
		45B4AC8E2AE196CB00F59397 /* GallerySelectedImageListCell.swift */ = {isa = PBXFileReference; lastKnownFileType = sourcecode.swift; path = GallerySelectedImageListCell.swift; sourceTree = "<group>"; };
		45B4AC912AE562C900F59397 /* GalleryPageInteractor.swift */ = {isa = PBXFileReference; lastKnownFileType = sourcecode.swift; path = GalleryPageInteractor.swift; sourceTree = "<group>"; };
		45B9E5D72A76346B00915DD9 /* Dimension.swift */ = {isa = PBXFileReference; lastKnownFileType = sourcecode.swift; path = Dimension.swift; sourceTree = "<group>"; };
		45B9E5E82A76386D00915DD9 /* Beep.bundle */ = {isa = PBXFileReference; lastKnownFileType = "wrapper.plug-in"; path = Beep.bundle; sourceTree = "<group>"; };
		45C27DB12AC7E5C9000FA158 /* MainViewController.swift */ = {isa = PBXFileReference; lastKnownFileType = sourcecode.swift; path = MainViewController.swift; sourceTree = "<group>"; };
		45C27DB42AC7E767000FA158 /* MainTopView.swift */ = {isa = PBXFileReference; lastKnownFileType = sourcecode.swift; path = MainTopView.swift; sourceTree = "<group>"; };
		45C27DB62AC7E864000FA158 /* LoginInfo.swift */ = {isa = PBXFileReference; lastKnownFileType = sourcecode.swift; path = LoginInfo.swift; sourceTree = "<group>"; };
		45D0365D2A8B45F900FE5042 /* UIImage+Extension.swift */ = {isa = PBXFileReference; lastKnownFileType = sourcecode.swift; path = "UIImage+Extension.swift"; sourceTree = "<group>"; };
		45D0365F2A8B4B1800FE5042 /* LoginButtonCell.swift */ = {isa = PBXFileReference; lastKnownFileType = sourcecode.swift; path = LoginButtonCell.swift; sourceTree = "<group>"; };
		45D036622A8B602200FE5042 /* PermissionViewController.swift */ = {isa = PBXFileReference; lastKnownFileType = sourcecode.swift; path = PermissionViewController.swift; sourceTree = "<group>"; };
		45D036652A8B611400FE5042 /* PermissionType.swift */ = {isa = PBXFileReference; lastKnownFileType = sourcecode.swift; path = PermissionType.swift; sourceTree = "<group>"; };
		45D036682A8B628800FE5042 /* PermissionTypeView.swift */ = {isa = PBXFileReference; lastKnownFileType = sourcecode.swift; path = PermissionTypeView.swift; sourceTree = "<group>"; };
		45D0366A2A8B654700FE5042 /* PermissionView.swift */ = {isa = PBXFileReference; lastKnownFileType = sourcecode.swift; path = PermissionView.swift; sourceTree = "<group>"; };
		45D0366D2A8B6FC800FE5042 /* Gifticon.swift */ = {isa = PBXFileReference; lastKnownFileType = sourcecode.swift; path = Gifticon.swift; sourceTree = "<group>"; };
		45D0366F2AADBB8300FE5042 /* LoginViewModel+Naver.swift */ = {isa = PBXFileReference; lastKnownFileType = sourcecode.swift; path = "LoginViewModel+Naver.swift"; sourceTree = "<group>"; };
		45D160832A2F1C3500D633E1 /* beep-ios.app */ = {isa = PBXFileReference; explicitFileType = wrapper.application; includeInIndex = 0; path = "beep-ios.app"; sourceTree = BUILT_PRODUCTS_DIR; };
		45D160862A2F1C3500D633E1 /* AppDelegate.swift */ = {isa = PBXFileReference; lastKnownFileType = sourcecode.swift; path = AppDelegate.swift; sourceTree = "<group>"; };
		45D1608A2A2F1C3500D633E1 /* ViewController.swift */ = {isa = PBXFileReference; lastKnownFileType = sourcecode.swift; path = ViewController.swift; sourceTree = "<group>"; };
		45D1608F2A2F1C3800D633E1 /* Assets.xcassets */ = {isa = PBXFileReference; lastKnownFileType = folder.assetcatalog; path = Assets.xcassets; sourceTree = "<group>"; };
		45D160922A2F1C3800D633E1 /* Base */ = {isa = PBXFileReference; lastKnownFileType = file.storyboard; name = Base; path = Base.lproj/LaunchScreen.storyboard; sourceTree = "<group>"; };
		45D160942A2F1C3800D633E1 /* Info.plist */ = {isa = PBXFileReference; lastKnownFileType = text.plist.xml; path = Info.plist; sourceTree = "<group>"; };
		45E884652A6D2AE00094A155 /* LoginViewController.swift */ = {isa = PBXFileReference; lastKnownFileType = sourcecode.swift; path = LoginViewController.swift; sourceTree = "<group>"; };
		45FC3D0F2B77BAA90032F305 /* GifticonMakerScrollView.swift */ = {isa = PBXFileReference; lastKnownFileType = sourcecode.swift; path = GifticonMakerScrollView.swift; sourceTree = "<group>"; };
		45FC3D112B77C4940032F305 /* GifticonMakerCropView.swift */ = {isa = PBXFileReference; lastKnownFileType = sourcecode.swift; path = GifticonMakerCropView.swift; sourceTree = "<group>"; };
		45FC3D222B77C6B40032F305 /* GifticonMakerCropHandler.swift */ = {isa = PBXFileReference; lastKnownFileType = sourcecode.swift; path = GifticonMakerCropHandler.swift; sourceTree = "<group>"; };
		45FC3D332B7930E80032F305 /* GifticonMakerDrawView.swift */ = {isa = PBXFileReference; lastKnownFileType = sourcecode.swift; path = GifticonMakerDrawView.swift; sourceTree = "<group>"; };
		45FC3D352B7933150032F305 /* CGRect+Extension.swift */ = {isa = PBXFileReference; lastKnownFileType = sourcecode.swift; path = "CGRect+Extension.swift"; sourceTree = "<group>"; };
		45FC3D372B7A27320032F305 /* GifticonMakerScrollViewModeButton.swift */ = {isa = PBXFileReference; lastKnownFileType = sourcecode.swift; path = GifticonMakerScrollViewModeButton.swift; sourceTree = "<group>"; };
		860DB2D2AF67BA5A9C1930B9 /* Pods-beep-ios.release.xcconfig */ = {isa = PBXFileReference; includeInIndex = 1; lastKnownFileType = text.xcconfig; name = "Pods-beep-ios.release.xcconfig"; path = "Target Support Files/Pods-beep-ios/Pods-beep-ios.release.xcconfig"; sourceTree = "<group>"; };
		98C591E3B0958C203A441A56 /* Pods-beep-ios.debug.xcconfig */ = {isa = PBXFileReference; includeInIndex = 1; lastKnownFileType = text.xcconfig; name = "Pods-beep-ios.debug.xcconfig"; path = "Target Support Files/Pods-beep-ios/Pods-beep-ios.debug.xcconfig"; sourceTree = "<group>"; };
		E1D659B1DF638A0581A94BBC /* Pods_beep_ios.framework */ = {isa = PBXFileReference; explicitFileType = wrapper.framework; includeInIndex = 0; path = Pods_beep_ios.framework; sourceTree = BUILT_PRODUCTS_DIR; };
/* End PBXFileReference section */

/* Begin PBXFrameworksBuildPhase section */
		45D160802A2F1C3500D633E1 /* Frameworks */ = {
			isa = PBXFrameworksBuildPhase;
			buildActionMask = 2147483647;
			files = (
				4C9B012C178C45DEF1859192 /* Pods_beep_ios.framework in Frameworks */,
			);
			runOnlyForDeploymentPostprocessing = 0;
		};
/* End PBXFrameworksBuildPhase section */

/* Begin PBXGroup section */
		290286118159289B1C9ECFE7 /* Frameworks */ = {
			isa = PBXGroup;
			children = (
				E1D659B1DF638A0581A94BBC /* Pods_beep_ios.framework */,
			);
			name = Frameworks;
			sourceTree = "<group>";
		};
		456683892B66216A002921BE /* Recognizer */ = {
			isa = PBXGroup;
			children = (
				4566838E2B662830002921BE /* Parser */,
				4566838C2B6623FF002921BE /* GifticonRecognizerError.swift */,
				4566838A2B662196002921BE /* GifticonTextRecogizer.swift */,
			);
			path = Recognizer;
			sourceTree = "<group>";
		};
		4566838E2B662830002921BE /* Parser */ = {
			isa = PBXGroup;
			children = (
				4566838F2B662A85002921BE /* ExpiredParser.swift */,
				456683912B6648E9002921BE /* BalanceParser.swift */,
			);
			path = Parser;
			sourceTree = "<group>";
		};
		458E04BA2B4DAAAB00F10908 /* Model */ = {
			isa = PBXGroup;
			children = (
				45924D312B25BC1E00218AE6 /* GifticonField.swift */,
				458E04BB2B4DAABC00F10908 /* GifticonCandidate.swift */,
			);
			path = Model;
			sourceTree = "<group>";
		};
		459188A62A763D4100EFA2B6 /* Views */ = {
			isa = PBXGroup;
			children = (
				459188A72A763D6200EFA2B6 /* LoginImageCell.swift */,
				459188AE2A76480600EFA2B6 /* LoginButton.swift */,
				45D0365F2A8B4B1800FE5042 /* LoginButtonCell.swift */,
			);
			path = Views;
			sourceTree = "<group>";
		};
		459188A92A763F5700EFA2B6 /* Models */ = {
			isa = PBXGroup;
			children = (
				459188AA2A763F6800EFA2B6 /* LoginAnimationType.swift */,
				459188AC2A76438200EFA2B6 /* LoginType.swift */,
				45C27DB62AC7E864000FA158 /* LoginInfo.swift */,
			);
			path = Models;
			sourceTree = "<group>";
		};
		459188B02A764DE500EFA2B6 /* ViewModel */ = {
			isa = PBXGroup;
			children = (
				459188B12A764DF200EFA2B6 /* LoginViewModel.swift */,
				45D0366F2AADBB8300FE5042 /* LoginViewModel+Naver.swift */,
			);
			path = ViewModel;
			sourceTree = "<group>";
		};
		45983ED92A3857C000203EBB /* Root */ = {
			isa = PBXGroup;
			children = (
				45983EDB2A3857CE00203EBB /* RootViewController.swift */,
			);
			path = Root;
			sourceTree = "<group>";
		};
		45983EE22A38587A00203EBB /* StaticConfig */ = {
			isa = PBXGroup;
			children = (
				45983EE32A38588E00203EBB /* StaticConfig.swift */,
				45983F022A385A9200203EBB /* Color.swift */,
				45983F042A385A9900203EBB /* Font.swift */,
				45B9E5D72A76346B00915DD9 /* Dimension.swift */,
				45B4AC7D2ADDA18B00F59397 /* Constant.swift */,
			);
			path = StaticConfig;
			sourceTree = "<group>";
		};
		45983F062A385B6F00203EBB /* Base */ = {
			isa = PBXGroup;
			children = (
				45B4AC812ADDA70300F59397 /* Views */,
				45983F072A385B7C00203EBB /* UIColor+Extension.swift */,
				45983F092A38609B00203EBB /* String+Extension.swift */,
				45D0365D2A8B45F900FE5042 /* UIImage+Extension.swift */,
				45FC3D352B7933150032F305 /* CGRect+Extension.swift */,
			);
			path = Base;
			sourceTree = "<group>";
		};
		45AC42C72AEE391F00733052 /* Events */ = {
			isa = PBXGroup;
			children = (
				45AC42C82AEE392C00733052 /* GalleryEvent.swift */,
			);
			path = Events;
			sourceTree = "<group>";
		};
		45AC42CA2AEE3D1100733052 /* GifticonMaker */ = {
			isa = PBXGroup;
			children = (
				458E04BA2B4DAAAB00F10908 /* Model */,
				45AC42D02AEE3F8F00733052 /* Views */,
				45AC42CB2AEE3D8A00733052 /* Events */,
				45AC42CE2AEE3E9C00733052 /* GifticonMakerViewController.swift */,
				458E04BD2B4DAADE00F10908 /* GifticonMakerViewModel.swift */,
			);
			path = GifticonMaker;
			sourceTree = "<group>";
		};
		45AC42CB2AEE3D8A00733052 /* Events */ = {
			isa = PBXGroup;
			children = (
				45AC42CC2AEE3D9E00733052 /* GifticonMakerEvent.swift */,
			);
			path = Events;
			sourceTree = "<group>";
		};
		45AC42D02AEE3F8F00733052 /* Views */ = {
			isa = PBXGroup;
			children = (
				45AC42D12AEE3FB800733052 /* GifticonMakerTopView.swift */,
				45924D332B25BCB700218AE6 /* GifticonMakerFiledListCell.swift */,
				45924D352B25DD0100218AE6 /* GifticonMakerPreviewButton.swift */,
				45924D372B3D41FA00218AE6 /* GifticonMakeButton.swift */,
				45924D472B49568F00218AE6 /* GifticonMakerPreviewList.swift */,
				45924D452B49534C00218AE6 /* GifticonMakerPreviewCell.swift */,
				45924D392B3D534C00218AE6 /* GifticonMakerPreview.swift */,
				45924D3B2B3D536B00218AE6 /* GifticonMakerPreviewSubView.swift */,
				45924D3D2B4942B800218AE6 /* GifticonMakerPreviewSubviewTitle.swift */,
				45924D3F2B49445400218AE6 /* GifticonMakerPreviewSubviewLabel.swift */,
				45924D412B49474500218AE6 /* GifticonMakerPreviewSubviewImageView.swift */,
				45924D432B494F7F00218AE6 /* GifticonMakerPreviewSubViewDate.swift */,
				458E04B62B49BD5600F10908 /* GifticonMakerLabelView.swift */,
				458E04B82B49C7D400F10908 /* GifticonMakerTextInputView.swift */,
				45AE7D002B53C85A0079E3F6 /* GifticonCandidateListView.swift */,
				45AE7D022B53D3D90079E3F6 /* GifticonCandidateListCell.swift */,
				456683952B6FBC9A002921BE /* GifticonMakerDatePicker.swift */,
				456683972B6FC22B002921BE /* GifticonMakerThumbnailPicker.swift */,
				456683992B6FC421002921BE /* GifticonMakerThumbnailPickerCell.swift */,
				4566839B2B6FCAEA002921BE /* GIfticonMakerThumbnailInputView.swift */,
				45FC3D0F2B77BAA90032F305 /* GifticonMakerScrollView.swift */,
				45FC3D112B77C4940032F305 /* GifticonMakerCropView.swift */,
				45FC3D222B77C6B40032F305 /* GifticonMakerCropHandler.swift */,
				45FC3D332B7930E80032F305 /* GifticonMakerDrawView.swift */,
				45FC3D372B7A27320032F305 /* GifticonMakerScrollViewModeButton.swift */,
			);
			path = Views;
			sourceTree = "<group>";
		};
		45B4AC6F2ADD98FC00F59397 /* Gallery */ = {
			isa = PBXGroup;
			children = (
				45AC42C72AEE391F00733052 /* Events */,
				45B4AC742ADD9BA800F59397 /* Views */,
				45B4AC702ADD992000F59397 /* Page */,
				45B4AC722ADD9B6500F59397 /* GalleryViewController.swift */,
			);
			path = Gallery;
			sourceTree = "<group>";
		};
		45B4AC702ADD992000F59397 /* Page */ = {
			isa = PBXGroup;
			children = (
				45B4AC862AE18A2F00F59397 /* Views */,
				45B4AC892AE18E7D00F59397 /* GalleryPageViewController.swift */,
				45B4AC912AE562C900F59397 /* GalleryPageInteractor.swift */,
			);
			path = Page;
			sourceTree = "<group>";
		};
		45B4AC712ADD9A1E00F59397 /* Register */ = {
			isa = PBXGroup;
			children = (
				45AC42CA2AEE3D1100733052 /* GifticonMaker */,
				45B4AC8B2AE1931500F59397 /* Model */,
				45B4AC6F2ADD98FC00F59397 /* Gallery */,
				45B4AC7B2ADDA16200F59397 /* SelectedImageViewModel.swift */,
				45AC42C52AEE37C100733052 /* RegisterNavigationController.swift */,
			);
			path = Register;
			sourceTree = "<group>";
		};
		45B4AC742ADD9BA800F59397 /* Views */ = {
			isa = PBXGroup;
			children = (
				45B4AC752ADD9BB500F59397 /* GalleryTopView.swift */,
				45B4AC792ADDA0FD00F59397 /* GalleryBottomView.swift */,
				45B4AC772ADDA0D000F59397 /* GallerySelectedImageListView.swift */,
				45B4AC7F2ADDA67A00F59397 /* GalleryPageButton.swift */,
				45B4AC842ADDA8B300F59397 /* GalleryPageTabView.swift */,
				45B4AC8E2AE196CB00F59397 /* GallerySelectedImageListCell.swift */,
			);
			path = Views;
			sourceTree = "<group>";
		};
		45B4AC812ADDA70300F59397 /* Views */ = {
			isa = PBXGroup;
			children = (
				45B4AC822ADDA71400F59397 /* BaseSelectButton.swift */,
				45AC42D32AEE419D00733052 /* CommonAlerView.swift */,
				456683932B6F7037002921BE /* BottomSheetView.swift */,
			);
			path = Views;
			sourceTree = "<group>";
		};
		45B4AC862AE18A2F00F59397 /* Views */ = {
			isa = PBXGroup;
			children = (
				45B4AC872AE18A4400F59397 /* GalleryPagePhotoCell.swift */,
			);
			path = Views;
			sourceTree = "<group>";
		};
		45B4AC8B2AE1931500F59397 /* Model */ = {
			isa = PBXGroup;
			children = (
				45B4AC8C2AE1932300F59397 /* SelectedImage.swift */,
			);
			path = Model;
			sourceTree = "<group>";
		};
		45B9E5E72A76385300915DD9 /* Resources */ = {
			isa = PBXGroup;
			children = (
				45B9E5E82A76386D00915DD9 /* Beep.bundle */,
			);
			path = Resources;
			sourceTree = "<group>";
		};
		45C27DB02AC7E5BC000FA158 /* Main */ = {
			isa = PBXGroup;
			children = (
				45C27DB32AC7E70A000FA158 /* Views */,
				45C27DB12AC7E5C9000FA158 /* MainViewController.swift */,
			);
			path = Main;
			sourceTree = "<group>";
		};
		45C27DB32AC7E70A000FA158 /* Views */ = {
			isa = PBXGroup;
			children = (
				45B4AC0F2AD43E6F00F59397 /* GifticonBrandListCell.swift */,
				45B4AC072AD4185100F59397 /* MainGifticonByLocationCell.swift */,
				45B4AC112AD447D400F59397 /* MainGifticonEditButton.swift */,
				45B4AC092AD420BA00F59397 /* MainGifticonListByLocation.swift */,
				45B4AC0B2AD426BA00F59397 /* MainGifticonListHeader.swift */,
				45B4AC6D2ADD910900F59397 /* MainGifticonListFooter.swift */,
				45B4AC0D2AD43B1200F59397 /* MainGifticonOrderButton.swift */,
				45C27DB42AC7E767000FA158 /* MainTopView.swift */,
				45B4AC222AD44F6C00F59397 /* MainGifticonListCell.swift */,
			);
			path = Views;
			sourceTree = "<group>";
		};
		45D036612A8B601000FE5042 /* Permission */ = {
			isa = PBXGroup;
			children = (
				45D036672A8B627C00FE5042 /* Views */,
				45D036642A8B610600FE5042 /* Models */,
				45D036622A8B602200FE5042 /* PermissionViewController.swift */,
			);
			path = Permission;
			sourceTree = "<group>";
		};
		45D036642A8B610600FE5042 /* Models */ = {
			isa = PBXGroup;
			children = (
				45D036652A8B611400FE5042 /* PermissionType.swift */,
			);
			path = Models;
			sourceTree = "<group>";
		};
		45D036672A8B627C00FE5042 /* Views */ = {
			isa = PBXGroup;
			children = (
				45D036682A8B628800FE5042 /* PermissionTypeView.swift */,
				45D0366A2A8B654700FE5042 /* PermissionView.swift */,
			);
			path = Views;
			sourceTree = "<group>";
		};
		45D0366C2A8B6FB400FE5042 /* Models */ = {
			isa = PBXGroup;
			children = (
				45D0366D2A8B6FC800FE5042 /* Gifticon.swift */,
				45B4ABFF2AD3DE9800F59397 /* Dms.swift */,
				45B4AC012AD3E33400F59397 /* UsageHistory.swift */,
				45B4AC032AD3E83300F59397 /* BrandSection.swift */,
				45B4AC052AD3E94100F59397 /* BrandLocation.swift */,
			);
			path = Models;
			sourceTree = "<group>";
		};
		45D1607A2A2F1C3500D633E1 = {
			isa = PBXGroup;
			children = (
				45D160852A2F1C3500D633E1 /* beep-ios */,
				45D160842A2F1C3500D633E1 /* Products */,
				94CFFB437150511825CEFDAD /* Pods */,
				290286118159289B1C9ECFE7 /* Frameworks */,
			);
			sourceTree = "<group>";
		};
		45D160842A2F1C3500D633E1 /* Products */ = {
			isa = PBXGroup;
			children = (
				45D160832A2F1C3500D633E1 /* beep-ios.app */,
			);
			name = Products;
			sourceTree = "<group>";
		};
		45D160852A2F1C3500D633E1 /* beep-ios */ = {
			isa = PBXGroup;
			children = (
				456683892B66216A002921BE /* Recognizer */,
				45B9E5E72A76385300915DD9 /* Resources */,
				45983EE22A38587A00203EBB /* StaticConfig */,
				45983F062A385B6F00203EBB /* Base */,
				45D0366C2A8B6FB400FE5042 /* Models */,
				45983ED92A3857C000203EBB /* Root */,
				45E884642A6D2ACD0094A155 /* Login */,
				45D036612A8B601000FE5042 /* Permission */,
				45C27DB02AC7E5BC000FA158 /* Main */,
				45B4AC712ADD9A1E00F59397 /* Register */,
				45D160862A2F1C3500D633E1 /* AppDelegate.swift */,
				45D1608A2A2F1C3500D633E1 /* ViewController.swift */,
				45D1608F2A2F1C3800D633E1 /* Assets.xcassets */,
				45D160912A2F1C3800D633E1 /* LaunchScreen.storyboard */,
				45D160942A2F1C3800D633E1 /* Info.plist */,
			);
			path = "beep-ios";
			sourceTree = "<group>";
		};
		45E884642A6D2ACD0094A155 /* Login */ = {
			isa = PBXGroup;
			children = (
				459188B02A764DE500EFA2B6 /* ViewModel */,
				459188A92A763F5700EFA2B6 /* Models */,
				459188A62A763D4100EFA2B6 /* Views */,
				45E884652A6D2AE00094A155 /* LoginViewController.swift */,
			);
			path = Login;
			sourceTree = "<group>";
		};
		94CFFB437150511825CEFDAD /* Pods */ = {
			isa = PBXGroup;
			children = (
				98C591E3B0958C203A441A56 /* Pods-beep-ios.debug.xcconfig */,
				860DB2D2AF67BA5A9C1930B9 /* Pods-beep-ios.release.xcconfig */,
			);
			path = Pods;
			sourceTree = "<group>";
		};
/* End PBXGroup section */

/* Begin PBXNativeTarget section */
		45D160822A2F1C3500D633E1 /* beep-ios */ = {
			isa = PBXNativeTarget;
			buildConfigurationList = 45D160972A2F1C3800D633E1 /* Build configuration list for PBXNativeTarget "beep-ios" */;
			buildPhases = (
				A89AE219EC9070615D7B1816 /* [CP] Check Pods Manifest.lock */,
				45D1607F2A2F1C3500D633E1 /* Sources */,
				45D160802A2F1C3500D633E1 /* Frameworks */,
				45D160812A2F1C3500D633E1 /* Resources */,
				B8DA3763A63F563E5DABAF04 /* [CP] Embed Pods Frameworks */,
				87CEAFA7BD223E7B43F52709 /* [CP] Copy Pods Resources */,
			);
			buildRules = (
			);
			dependencies = (
			);
			name = "beep-ios";
			productName = "beep-ios";
			productReference = 45D160832A2F1C3500D633E1 /* beep-ios.app */;
			productType = "com.apple.product-type.application";
		};
/* End PBXNativeTarget section */

/* Begin PBXProject section */
		45D1607B2A2F1C3500D633E1 /* Project object */ = {
			isa = PBXProject;
			attributes = {
				BuildIndependentTargetsInParallel = 1;
				LastSwiftUpdateCheck = 1400;
				LastUpgradeCheck = 1400;
				TargetAttributes = {
					45D160822A2F1C3500D633E1 = {
						CreatedOnToolsVersion = 14.0.1;
					};
				};
			};
			buildConfigurationList = 45D1607E2A2F1C3500D633E1 /* Build configuration list for PBXProject "beep-ios" */;
			compatibilityVersion = "Xcode 14.0";
			developmentRegion = en;
			hasScannedForEncodings = 0;
			knownRegions = (
				en,
				Base,
			);
			mainGroup = 45D1607A2A2F1C3500D633E1;
			productRefGroup = 45D160842A2F1C3500D633E1 /* Products */;
			projectDirPath = "";
			projectRoot = "";
			targets = (
				45D160822A2F1C3500D633E1 /* beep-ios */,
			);
		};
/* End PBXProject section */

/* Begin PBXResourcesBuildPhase section */
		45D160812A2F1C3500D633E1 /* Resources */ = {
			isa = PBXResourcesBuildPhase;
			buildActionMask = 2147483647;
			files = (
				45B9E5E92A76386D00915DD9 /* Beep.bundle in Resources */,
				45D160932A2F1C3800D633E1 /* LaunchScreen.storyboard in Resources */,
				45D160902A2F1C3800D633E1 /* Assets.xcassets in Resources */,
			);
			runOnlyForDeploymentPostprocessing = 0;
		};
/* End PBXResourcesBuildPhase section */

/* Begin PBXShellScriptBuildPhase section */
		87CEAFA7BD223E7B43F52709 /* [CP] Copy Pods Resources */ = {
			isa = PBXShellScriptBuildPhase;
			buildActionMask = 2147483647;
			files = (
			);
			inputFileListPaths = (
				"${PODS_ROOT}/Target Support Files/Pods-beep-ios/Pods-beep-ios-resources-${CONFIGURATION}-input-files.xcfilelist",
			);
			name = "[CP] Copy Pods Resources";
			outputFileListPaths = (
				"${PODS_ROOT}/Target Support Files/Pods-beep-ios/Pods-beep-ios-resources-${CONFIGURATION}-output-files.xcfilelist",
			);
			runOnlyForDeploymentPostprocessing = 0;
			shellPath = /bin/sh;
			shellScript = "\"${PODS_ROOT}/Target Support Files/Pods-beep-ios/Pods-beep-ios-resources.sh\"\n";
			showEnvVarsInLog = 0;
		};
		A89AE219EC9070615D7B1816 /* [CP] Check Pods Manifest.lock */ = {
			isa = PBXShellScriptBuildPhase;
			buildActionMask = 2147483647;
			files = (
			);
			inputFileListPaths = (
			);
			inputPaths = (
				"${PODS_PODFILE_DIR_PATH}/Podfile.lock",
				"${PODS_ROOT}/Manifest.lock",
			);
			name = "[CP] Check Pods Manifest.lock";
			outputFileListPaths = (
			);
			outputPaths = (
				"$(DERIVED_FILE_DIR)/Pods-beep-ios-checkManifestLockResult.txt",
			);
			runOnlyForDeploymentPostprocessing = 0;
			shellPath = /bin/sh;
			shellScript = "diff \"${PODS_PODFILE_DIR_PATH}/Podfile.lock\" \"${PODS_ROOT}/Manifest.lock\" > /dev/null\nif [ $? != 0 ] ; then\n    # print error to STDERR\n    echo \"error: The sandbox is not in sync with the Podfile.lock. Run 'pod install' or update your CocoaPods installation.\" >&2\n    exit 1\nfi\n# This output is used by Xcode 'outputs' to avoid re-running this script phase.\necho \"SUCCESS\" > \"${SCRIPT_OUTPUT_FILE_0}\"\n";
			showEnvVarsInLog = 0;
		};
		B8DA3763A63F563E5DABAF04 /* [CP] Embed Pods Frameworks */ = {
			isa = PBXShellScriptBuildPhase;
			buildActionMask = 2147483647;
			files = (
			);
			inputFileListPaths = (
				"${PODS_ROOT}/Target Support Files/Pods-beep-ios/Pods-beep-ios-frameworks-${CONFIGURATION}-input-files.xcfilelist",
			);
			name = "[CP] Embed Pods Frameworks";
			outputFileListPaths = (
				"${PODS_ROOT}/Target Support Files/Pods-beep-ios/Pods-beep-ios-frameworks-${CONFIGURATION}-output-files.xcfilelist",
			);
			runOnlyForDeploymentPostprocessing = 0;
			shellPath = /bin/sh;
			shellScript = "\"${PODS_ROOT}/Target Support Files/Pods-beep-ios/Pods-beep-ios-frameworks.sh\"\n";
			showEnvVarsInLog = 0;
		};
/* End PBXShellScriptBuildPhase section */

/* Begin PBXSourcesBuildPhase section */
		45D1607F2A2F1C3500D633E1 /* Sources */ = {
			isa = PBXSourcesBuildPhase;
			buildActionMask = 2147483647;
			files = (
				45E884662A6D2AE00094A155 /* LoginViewController.swift in Sources */,
				45B4AC122AD447D400F59397 /* MainGifticonEditButton.swift in Sources */,
				458E04BC2B4DAABC00F10908 /* GifticonCandidate.swift in Sources */,
				45AC42CF2AEE3E9C00733052 /* GifticonMakerViewController.swift in Sources */,
				45D036632A8B602200FE5042 /* PermissionViewController.swift in Sources */,
				45924D442B494F7F00218AE6 /* GifticonMakerPreviewSubViewDate.swift in Sources */,
				45B4AC042AD3E83300F59397 /* BrandSection.swift in Sources */,
				45924D482B49568F00218AE6 /* GifticonMakerPreviewList.swift in Sources */,
				45AC42CD2AEE3D9E00733052 /* GifticonMakerEvent.swift in Sources */,
				45FC3D362B7933150032F305 /* CGRect+Extension.swift in Sources */,
				45924D362B25DD0100218AE6 /* GifticonMakerPreviewButton.swift in Sources */,
				45B4AC232AD44F6C00F59397 /* MainGifticonListCell.swift in Sources */,
				456683962B6FBC9A002921BE /* GifticonMakerDatePicker.swift in Sources */,
				45AC42D42AEE419D00733052 /* CommonAlerView.swift in Sources */,
				45924D402B49445400218AE6 /* GifticonMakerPreviewSubviewLabel.swift in Sources */,
				45B4AC102AD43E6F00F59397 /* GifticonBrandListCell.swift in Sources */,
				45983EDF2A3857CE00203EBB /* RootViewController.swift in Sources */,
				45B4AC002AD3DE9800F59397 /* Dms.swift in Sources */,
				45924D322B25BC1E00218AE6 /* GifticonField.swift in Sources */,
				45924D342B25BCB700218AE6 /* GifticonMakerFiledListCell.swift in Sources */,
				45924D382B3D41FA00218AE6 /* GifticonMakeButton.swift in Sources */,
				45B4AC832ADDA71400F59397 /* BaseSelectButton.swift in Sources */,
				456683942B6F7037002921BE /* BottomSheetView.swift in Sources */,
				45FC3D232B77C6B40032F305 /* GifticonMakerCropHandler.swift in Sources */,
				45B4AC7A2ADDA0FD00F59397 /* GalleryBottomView.swift in Sources */,
				45B4AC022AD3E33400F59397 /* UsageHistory.swift in Sources */,
				45924D3C2B3D536B00218AE6 /* GifticonMakerPreviewSubView.swift in Sources */,
				45B4AC0A2AD420BA00F59397 /* MainGifticonListByLocation.swift in Sources */,
				45B4AC8D2AE1932300F59397 /* SelectedImage.swift in Sources */,
				45924D3E2B4942B800218AE6 /* GifticonMakerPreviewSubviewTitle.swift in Sources */,
				4566838B2B662196002921BE /* GifticonTextRecogizer.swift in Sources */,
				45983F052A385A9900203EBB /* Font.swift in Sources */,
				45B4AC802ADDA67A00F59397 /* GalleryPageButton.swift in Sources */,
				45C27DB52AC7E767000FA158 /* MainTopView.swift in Sources */,
				45B4AC7C2ADDA16200F59397 /* SelectedImageViewModel.swift in Sources */,
				45D036702AADBB8300FE5042 /* LoginViewModel+Naver.swift in Sources */,
				459188AD2A76438200EFA2B6 /* LoginType.swift in Sources */,
				45983F082A385B7C00203EBB /* UIColor+Extension.swift in Sources */,
				45FC3D382B7A27320032F305 /* GifticonMakerScrollViewModeButton.swift in Sources */,
				45983F0A2A38609B00203EBB /* String+Extension.swift in Sources */,
				45B4AC852ADDA8B300F59397 /* GalleryPageTabView.swift in Sources */,
				45983EE42A38588E00203EBB /* StaticConfig.swift in Sources */,
				458E04B72B49BD5600F10908 /* GifticonMakerLabelView.swift in Sources */,
				458E04B92B49C7D400F10908 /* GifticonMakerTextInputView.swift in Sources */,
				45B4AC7E2ADDA18B00F59397 /* Constant.swift in Sources */,
				459188AB2A763F6800EFA2B6 /* LoginAnimationType.swift in Sources */,
				45B4AC732ADD9B6500F59397 /* GalleryViewController.swift in Sources */,
				45FC3D122B77C4940032F305 /* GifticonMakerCropView.swift in Sources */,
				459188B22A764DF200EFA2B6 /* LoginViewModel.swift in Sources */,
				45FC3D102B77BAA90032F305 /* GifticonMakerScrollView.swift in Sources */,
				45D1608B2A2F1C3500D633E1 /* ViewController.swift in Sources */,
				45924D422B49474500218AE6 /* GifticonMakerPreviewSubviewImageView.swift in Sources */,
				45B4AC062AD3E94100F59397 /* BrandLocation.swift in Sources */,
				45B4AC8A2AE18E7D00F59397 /* GalleryPageViewController.swift in Sources */,
				458E04BE2B4DAADE00F10908 /* GifticonMakerViewModel.swift in Sources */,
				45B4AC882AE18A4400F59397 /* GalleryPagePhotoCell.swift in Sources */,
				456683922B6648E9002921BE /* BalanceParser.swift in Sources */,
				456683982B6FC22B002921BE /* GifticonMakerThumbnailPicker.swift in Sources */,
				45C27DB72AC7E864000FA158 /* LoginInfo.swift in Sources */,
				45B4AC6E2ADD910900F59397 /* MainGifticonListFooter.swift in Sources */,
				45924D462B49534C00218AE6 /* GifticonMakerPreviewCell.swift in Sources */,
				45AE7D012B53C85A0079E3F6 /* GifticonCandidateListView.swift in Sources */,
				459188AF2A76480600EFA2B6 /* LoginButton.swift in Sources */,
				45D0366B2A8B654700FE5042 /* PermissionView.swift in Sources */,
				45AE7D032B53D3D90079E3F6 /* GifticonCandidateListCell.swift in Sources */,
				45FC3D342B7930E80032F305 /* GifticonMakerDrawView.swift in Sources */,
				45AC42C62AEE37C100733052 /* RegisterNavigationController.swift in Sources */,
				45D0365E2A8B45F900FE5042 /* UIImage+Extension.swift in Sources */,
				45AC42D22AEE3FB800733052 /* GifticonMakerTopView.swift in Sources */,
				4566838D2B6623FF002921BE /* GifticonRecognizerError.swift in Sources */,
				45C27DB22AC7E5C9000FA158 /* MainViewController.swift in Sources */,
				45D160872A2F1C3500D633E1 /* AppDelegate.swift in Sources */,
				45AC42C92AEE392C00733052 /* GalleryEvent.swift in Sources */,
				45B4AC922AE562C900F59397 /* GalleryPageInteractor.swift in Sources */,
				4566839C2B6FCAEA002921BE /* GIfticonMakerThumbnailInputView.swift in Sources */,
				45B4AC0E2AD43B1200F59397 /* MainGifticonOrderButton.swift in Sources */,
				45B4AC782ADDA0D000F59397 /* GallerySelectedImageListView.swift in Sources */,
				4566839A2B6FC421002921BE /* GifticonMakerThumbnailPickerCell.swift in Sources */,
				45D036662A8B611400FE5042 /* PermissionType.swift in Sources */,
				45D036602A8B4B1800FE5042 /* LoginButtonCell.swift in Sources */,
				459188A82A763D6200EFA2B6 /* LoginImageCell.swift in Sources */,
				45D036692A8B628800FE5042 /* PermissionTypeView.swift in Sources */,
				45B9E5D82A76346B00915DD9 /* Dimension.swift in Sources */,
				456683902B662A85002921BE /* ExpiredParser.swift in Sources */,
				45B4AC8F2AE196CB00F59397 /* GallerySelectedImageListCell.swift in Sources */,
				45D0366E2A8B6FC800FE5042 /* Gifticon.swift in Sources */,
				45B4AC082AD4185100F59397 /* MainGifticonByLocationCell.swift in Sources */,
				45B4AC762ADD9BB500F59397 /* GalleryTopView.swift in Sources */,
				45983F032A385A9200203EBB /* Color.swift in Sources */,
				45924D3A2B3D534C00218AE6 /* GifticonMakerPreview.swift in Sources */,
				45B4AC0C2AD426BA00F59397 /* MainGifticonListHeader.swift in Sources */,
			);
			runOnlyForDeploymentPostprocessing = 0;
		};
/* End PBXSourcesBuildPhase section */

/* Begin PBXVariantGroup section */
		45D160912A2F1C3800D633E1 /* LaunchScreen.storyboard */ = {
			isa = PBXVariantGroup;
			children = (
				45D160922A2F1C3800D633E1 /* Base */,
			);
			name = LaunchScreen.storyboard;
			sourceTree = "<group>";
		};
/* End PBXVariantGroup section */

/* Begin XCBuildConfiguration section */
		45D160952A2F1C3800D633E1 /* Debug */ = {
			isa = XCBuildConfiguration;
			buildSettings = {
				ALWAYS_SEARCH_USER_PATHS = NO;
				CLANG_ANALYZER_NONNULL = YES;
				CLANG_ANALYZER_NUMBER_OBJECT_CONVERSION = YES_AGGRESSIVE;
				CLANG_CXX_LANGUAGE_STANDARD = "gnu++20";
				CLANG_ENABLE_MODULES = YES;
				CLANG_ENABLE_OBJC_ARC = YES;
				CLANG_ENABLE_OBJC_WEAK = YES;
				CLANG_WARN_BLOCK_CAPTURE_AUTORELEASING = YES;
				CLANG_WARN_BOOL_CONVERSION = YES;
				CLANG_WARN_COMMA = YES;
				CLANG_WARN_CONSTANT_CONVERSION = YES;
				CLANG_WARN_DEPRECATED_OBJC_IMPLEMENTATIONS = YES;
				CLANG_WARN_DIRECT_OBJC_ISA_USAGE = YES_ERROR;
				CLANG_WARN_DOCUMENTATION_COMMENTS = YES;
				CLANG_WARN_EMPTY_BODY = YES;
				CLANG_WARN_ENUM_CONVERSION = YES;
				CLANG_WARN_INFINITE_RECURSION = YES;
				CLANG_WARN_INT_CONVERSION = YES;
				CLANG_WARN_NON_LITERAL_NULL_CONVERSION = YES;
				CLANG_WARN_OBJC_IMPLICIT_RETAIN_SELF = YES;
				CLANG_WARN_OBJC_LITERAL_CONVERSION = YES;
				CLANG_WARN_OBJC_ROOT_CLASS = YES_ERROR;
				CLANG_WARN_QUOTED_INCLUDE_IN_FRAMEWORK_HEADER = YES;
				CLANG_WARN_RANGE_LOOP_ANALYSIS = YES;
				CLANG_WARN_STRICT_PROTOTYPES = YES;
				CLANG_WARN_SUSPICIOUS_MOVE = YES;
				CLANG_WARN_UNGUARDED_AVAILABILITY = YES_AGGRESSIVE;
				CLANG_WARN_UNREACHABLE_CODE = YES;
				CLANG_WARN__DUPLICATE_METHOD_MATCH = YES;
				COPY_PHASE_STRIP = NO;
				DEBUG_INFORMATION_FORMAT = dwarf;
				ENABLE_STRICT_OBJC_MSGSEND = YES;
				ENABLE_TESTABILITY = YES;
				GCC_C_LANGUAGE_STANDARD = gnu11;
				GCC_DYNAMIC_NO_PIC = NO;
				GCC_NO_COMMON_BLOCKS = YES;
				GCC_OPTIMIZATION_LEVEL = 0;
				GCC_PREPROCESSOR_DEFINITIONS = (
					"DEBUG=1",
					"$(inherited)",
				);
				GCC_WARN_64_TO_32_BIT_CONVERSION = YES;
				GCC_WARN_ABOUT_RETURN_TYPE = YES_ERROR;
				GCC_WARN_UNDECLARED_SELECTOR = YES;
				GCC_WARN_UNINITIALIZED_AUTOS = YES_AGGRESSIVE;
				GCC_WARN_UNUSED_FUNCTION = YES;
				GCC_WARN_UNUSED_VARIABLE = YES;
				IPHONEOS_DEPLOYMENT_TARGET = 14.0;
				MTL_ENABLE_DEBUG_INFO = INCLUDE_SOURCE;
				MTL_FAST_MATH = YES;
				ONLY_ACTIVE_ARCH = YES;
				SDKROOT = iphoneos;
				SWIFT_ACTIVE_COMPILATION_CONDITIONS = DEBUG;
				SWIFT_OPTIMIZATION_LEVEL = "-Onone";
			};
			name = Debug;
		};
		45D160962A2F1C3800D633E1 /* Release */ = {
			isa = XCBuildConfiguration;
			buildSettings = {
				ALWAYS_SEARCH_USER_PATHS = NO;
				CLANG_ANALYZER_NONNULL = YES;
				CLANG_ANALYZER_NUMBER_OBJECT_CONVERSION = YES_AGGRESSIVE;
				CLANG_CXX_LANGUAGE_STANDARD = "gnu++20";
				CLANG_ENABLE_MODULES = YES;
				CLANG_ENABLE_OBJC_ARC = YES;
				CLANG_ENABLE_OBJC_WEAK = YES;
				CLANG_WARN_BLOCK_CAPTURE_AUTORELEASING = YES;
				CLANG_WARN_BOOL_CONVERSION = YES;
				CLANG_WARN_COMMA = YES;
				CLANG_WARN_CONSTANT_CONVERSION = YES;
				CLANG_WARN_DEPRECATED_OBJC_IMPLEMENTATIONS = YES;
				CLANG_WARN_DIRECT_OBJC_ISA_USAGE = YES_ERROR;
				CLANG_WARN_DOCUMENTATION_COMMENTS = YES;
				CLANG_WARN_EMPTY_BODY = YES;
				CLANG_WARN_ENUM_CONVERSION = YES;
				CLANG_WARN_INFINITE_RECURSION = YES;
				CLANG_WARN_INT_CONVERSION = YES;
				CLANG_WARN_NON_LITERAL_NULL_CONVERSION = YES;
				CLANG_WARN_OBJC_IMPLICIT_RETAIN_SELF = YES;
				CLANG_WARN_OBJC_LITERAL_CONVERSION = YES;
				CLANG_WARN_OBJC_ROOT_CLASS = YES_ERROR;
				CLANG_WARN_QUOTED_INCLUDE_IN_FRAMEWORK_HEADER = YES;
				CLANG_WARN_RANGE_LOOP_ANALYSIS = YES;
				CLANG_WARN_STRICT_PROTOTYPES = YES;
				CLANG_WARN_SUSPICIOUS_MOVE = YES;
				CLANG_WARN_UNGUARDED_AVAILABILITY = YES_AGGRESSIVE;
				CLANG_WARN_UNREACHABLE_CODE = YES;
				CLANG_WARN__DUPLICATE_METHOD_MATCH = YES;
				COPY_PHASE_STRIP = NO;
				DEBUG_INFORMATION_FORMAT = "dwarf-with-dsym";
				ENABLE_NS_ASSERTIONS = NO;
				ENABLE_STRICT_OBJC_MSGSEND = YES;
				GCC_C_LANGUAGE_STANDARD = gnu11;
				GCC_NO_COMMON_BLOCKS = YES;
				GCC_WARN_64_TO_32_BIT_CONVERSION = YES;
				GCC_WARN_ABOUT_RETURN_TYPE = YES_ERROR;
				GCC_WARN_UNDECLARED_SELECTOR = YES;
				GCC_WARN_UNINITIALIZED_AUTOS = YES_AGGRESSIVE;
				GCC_WARN_UNUSED_FUNCTION = YES;
				GCC_WARN_UNUSED_VARIABLE = YES;
				IPHONEOS_DEPLOYMENT_TARGET = 14.0;
				MTL_ENABLE_DEBUG_INFO = NO;
				MTL_FAST_MATH = YES;
				SDKROOT = iphoneos;
				SWIFT_COMPILATION_MODE = wholemodule;
				SWIFT_OPTIMIZATION_LEVEL = "-O";
				VALIDATE_PRODUCT = YES;
			};
			name = Release;
		};
		45D160982A2F1C3800D633E1 /* Debug */ = {
			isa = XCBuildConfiguration;
			baseConfigurationReference = 98C591E3B0958C203A441A56 /* Pods-beep-ios.debug.xcconfig */;
			buildSettings = {
				ASSETCATALOG_COMPILER_APPICON_NAME = AppIcon;
				ASSETCATALOG_COMPILER_GLOBAL_ACCENT_COLOR_NAME = AccentColor;
				CODE_SIGN_STYLE = Automatic;
				CURRENT_PROJECT_VERSION = 1;
				DEVELOPMENT_TEAM = QL8Z974T3C;
				GENERATE_INFOPLIST_FILE = YES;
				INFOPLIST_FILE = "beep-ios/Info.plist";
				INFOPLIST_KEY_UIApplicationSupportsIndirectInputEvents = YES;
				INFOPLIST_KEY_UILaunchStoryboardName = LaunchScreen;
				INFOPLIST_KEY_UISupportedInterfaceOrientations_iPad = "UIInterfaceOrientationPortrait UIInterfaceOrientationPortraitUpsideDown UIInterfaceOrientationLandscapeLeft UIInterfaceOrientationLandscapeRight";
				INFOPLIST_KEY_UISupportedInterfaceOrientations_iPhone = "UIInterfaceOrientationPortrait UIInterfaceOrientationLandscapeLeft UIInterfaceOrientationLandscapeRight";
				IPHONEOS_DEPLOYMENT_TARGET = 16.0;
				LD_RUNPATH_SEARCH_PATHS = (
					"$(inherited)",
					"@executable_path/Frameworks",
				);
				MARKETING_VERSION = 1.0;
				PRODUCT_BUNDLE_IDENTIFIER = com.lighthouse.beep;
				PRODUCT_NAME = "$(TARGET_NAME)";
				SWIFT_EMIT_LOC_STRINGS = YES;
				SWIFT_VERSION = 5.0;
				TARGETED_DEVICE_FAMILY = "1,2";
			};
			name = Debug;
		};
		45D160992A2F1C3800D633E1 /* Release */ = {
			isa = XCBuildConfiguration;
			baseConfigurationReference = 860DB2D2AF67BA5A9C1930B9 /* Pods-beep-ios.release.xcconfig */;
			buildSettings = {
				ASSETCATALOG_COMPILER_APPICON_NAME = AppIcon;
				ASSETCATALOG_COMPILER_GLOBAL_ACCENT_COLOR_NAME = AccentColor;
				CODE_SIGN_STYLE = Automatic;
				CURRENT_PROJECT_VERSION = 1;
				DEVELOPMENT_TEAM = QL8Z974T3C;
				GENERATE_INFOPLIST_FILE = YES;
				INFOPLIST_FILE = "beep-ios/Info.plist";
				INFOPLIST_KEY_UIApplicationSupportsIndirectInputEvents = YES;
				INFOPLIST_KEY_UILaunchStoryboardName = LaunchScreen;
				INFOPLIST_KEY_UISupportedInterfaceOrientations_iPad = "UIInterfaceOrientationPortrait UIInterfaceOrientationPortraitUpsideDown UIInterfaceOrientationLandscapeLeft UIInterfaceOrientationLandscapeRight";
				INFOPLIST_KEY_UISupportedInterfaceOrientations_iPhone = "UIInterfaceOrientationPortrait UIInterfaceOrientationLandscapeLeft UIInterfaceOrientationLandscapeRight";
				IPHONEOS_DEPLOYMENT_TARGET = 16.0;
				LD_RUNPATH_SEARCH_PATHS = (
					"$(inherited)",
					"@executable_path/Frameworks",
				);
				MARKETING_VERSION = 1.0;
				PRODUCT_BUNDLE_IDENTIFIER = com.lighthouse.beep;
				PRODUCT_NAME = "$(TARGET_NAME)";
				SWIFT_EMIT_LOC_STRINGS = YES;
				SWIFT_VERSION = 5.0;
				TARGETED_DEVICE_FAMILY = "1,2";
			};
			name = Release;
		};
/* End XCBuildConfiguration section */

/* Begin XCConfigurationList section */
		45D1607E2A2F1C3500D633E1 /* Build configuration list for PBXProject "beep-ios" */ = {
			isa = XCConfigurationList;
			buildConfigurations = (
				45D160952A2F1C3800D633E1 /* Debug */,
				45D160962A2F1C3800D633E1 /* Release */,
			);
			defaultConfigurationIsVisible = 0;
			defaultConfigurationName = Release;
		};
		45D160972A2F1C3800D633E1 /* Build configuration list for PBXNativeTarget "beep-ios" */ = {
			isa = XCConfigurationList;
			buildConfigurations = (
				45D160982A2F1C3800D633E1 /* Debug */,
				45D160992A2F1C3800D633E1 /* Release */,
			);
			defaultConfigurationIsVisible = 0;
			defaultConfigurationName = Release;
		};
/* End XCConfigurationList section */
	};
	rootObject = 45D1607B2A2F1C3500D633E1 /* Project object */;
}
