// !$*UTF8*$!
{
	archiveVersion = 1;
	classes = {
	};
	objectVersion = 56;
	objects = {

/* Begin PBXBuildFile section */
		45983EDF2A3857CE00203EBB /* RootViewController.swift in Sources */ = {isa = PBXBuildFile; fileRef = 45983EDB2A3857CE00203EBB /* RootViewController.swift */; };
		45983EE42A38588E00203EBB /* StaticConfig.swift in Sources */ = {isa = PBXBuildFile; fileRef = 45983EE32A38588E00203EBB /* StaticConfig.swift */; };
		45983F032A385A9200203EBB /* Color.swift in Sources */ = {isa = PBXBuildFile; fileRef = 45983F022A385A9200203EBB /* Color.swift */; };
		45983F052A385A9900203EBB /* Font.swift in Sources */ = {isa = PBXBuildFile; fileRef = 45983F042A385A9900203EBB /* Font.swift */; };
		45983F082A385B7C00203EBB /* UIColor+Extension.swift in Sources */ = {isa = PBXBuildFile; fileRef = 45983F072A385B7C00203EBB /* UIColor+Extension.swift */; };
		45983F0A2A38609B00203EBB /* String+Extension.swift in Sources */ = {isa = PBXBuildFile; fileRef = 45983F092A38609B00203EBB /* String+Extension.swift */; };
		45D160872A2F1C3500D633E1 /* AppDelegate.swift in Sources */ = {isa = PBXBuildFile; fileRef = 45D160862A2F1C3500D633E1 /* AppDelegate.swift */; };
		45D1608B2A2F1C3500D633E1 /* ViewController.swift in Sources */ = {isa = PBXBuildFile; fileRef = 45D1608A2A2F1C3500D633E1 /* ViewController.swift */; };
		45D160902A2F1C3800D633E1 /* Assets.xcassets in Resources */ = {isa = PBXBuildFile; fileRef = 45D1608F2A2F1C3800D633E1 /* Assets.xcassets */; };
		45D160932A2F1C3800D633E1 /* LaunchScreen.storyboard in Resources */ = {isa = PBXBuildFile; fileRef = 45D160912A2F1C3800D633E1 /* LaunchScreen.storyboard */; };
		4C9B012C178C45DEF1859192 /* Pods_beep_ios.framework in Frameworks */ = {isa = PBXBuildFile; fileRef = E1D659B1DF638A0581A94BBC /* Pods_beep_ios.framework */; };
/* End PBXBuildFile section */

/* Begin PBXFileReference section */
		45983EDB2A3857CE00203EBB /* RootViewController.swift */ = {isa = PBXFileReference; lastKnownFileType = sourcecode.swift; path = RootViewController.swift; sourceTree = "<group>"; };
		45983EE32A38588E00203EBB /* StaticConfig.swift */ = {isa = PBXFileReference; lastKnownFileType = sourcecode.swift; path = StaticConfig.swift; sourceTree = "<group>"; };
		45983F022A385A9200203EBB /* Color.swift */ = {isa = PBXFileReference; lastKnownFileType = sourcecode.swift; path = Color.swift; sourceTree = "<group>"; };
		45983F042A385A9900203EBB /* Font.swift */ = {isa = PBXFileReference; lastKnownFileType = sourcecode.swift; path = Font.swift; sourceTree = "<group>"; };
		45983F072A385B7C00203EBB /* UIColor+Extension.swift */ = {isa = PBXFileReference; lastKnownFileType = sourcecode.swift; path = "UIColor+Extension.swift"; sourceTree = "<group>"; };
		45983F092A38609B00203EBB /* String+Extension.swift */ = {isa = PBXFileReference; lastKnownFileType = sourcecode.swift; path = "String+Extension.swift"; sourceTree = "<group>"; };
		45D160832A2F1C3500D633E1 /* beep-ios.app */ = {isa = PBXFileReference; explicitFileType = wrapper.application; includeInIndex = 0; path = "beep-ios.app"; sourceTree = BUILT_PRODUCTS_DIR; };
		45D160862A2F1C3500D633E1 /* AppDelegate.swift */ = {isa = PBXFileReference; lastKnownFileType = sourcecode.swift; path = AppDelegate.swift; sourceTree = "<group>"; };
		45D1608A2A2F1C3500D633E1 /* ViewController.swift */ = {isa = PBXFileReference; lastKnownFileType = sourcecode.swift; path = ViewController.swift; sourceTree = "<group>"; };
		45D1608F2A2F1C3800D633E1 /* Assets.xcassets */ = {isa = PBXFileReference; lastKnownFileType = folder.assetcatalog; path = Assets.xcassets; sourceTree = "<group>"; };
		45D160922A2F1C3800D633E1 /* Base */ = {isa = PBXFileReference; lastKnownFileType = file.storyboard; name = Base; path = Base.lproj/LaunchScreen.storyboard; sourceTree = "<group>"; };
		45D160942A2F1C3800D633E1 /* Info.plist */ = {isa = PBXFileReference; lastKnownFileType = text.plist.xml; path = Info.plist; sourceTree = "<group>"; };
		860DB2D2AF67BA5A9C1930B9 /* Pods-beep-ios.release.xcconfig */ = {isa = PBXFileReference; includeInIndex = 1; lastKnownFileType = text.xcconfig; name = "Pods-beep-ios.release.xcconfig"; path = "Target Support Files/Pods-beep-ios/Pods-beep-ios.release.xcconfig"; sourceTree = "<group>"; };
		98C591E3B0958C203A441A56 /* Pods-beep-ios.debug.xcconfig */ = {isa = PBXFileReference; includeInIndex = 1; lastKnownFileType = text.xcconfig; name = "Pods-beep-ios.debug.xcconfig"; path = "Target Support Files/Pods-beep-ios/Pods-beep-ios.debug.xcconfig"; sourceTree = "<group>"; };
		E1D659B1DF638A0581A94BBC /* Pods_beep_ios.framework */ = {isa = PBXFileReference; explicitFileType = wrapper.framework; includeInIndex = 0; path = Pods_beep_ios.framework; sourceTree = BUILT_PRODUCTS_DIR; };
/* End PBXFileReference section */

/* Begin PBXFrameworksBuildPhase section */
		45D160802A2F1C3500D633E1 /* Frameworks */ = {
			isa = PBXFrameworksBuildPhase;
			buildActionMask = 2147483647;
			files = (
				4C9B012C178C45DEF1859192 /* Pods_beep_ios.framework in Frameworks */,
			);
			runOnlyForDeploymentPostprocessing = 0;
		};
/* End PBXFrameworksBuildPhase section */

/* Begin PBXGroup section */
		290286118159289B1C9ECFE7 /* Frameworks */ = {
			isa = PBXGroup;
			children = (
				E1D659B1DF638A0581A94BBC /* Pods_beep_ios.framework */,
			);
			name = Frameworks;
			sourceTree = "<group>";
		};
		45983ED92A3857C000203EBB /* Root */ = {
			isa = PBXGroup;
			children = (
				45983EDB2A3857CE00203EBB /* RootViewController.swift */,
			);
			path = Root;
			sourceTree = "<group>";
		};
		45983EE22A38587A00203EBB /* StaticConfig */ = {
			isa = PBXGroup;
			children = (
				45983EE32A38588E00203EBB /* StaticConfig.swift */,
				45983F022A385A9200203EBB /* Color.swift */,
				45983F042A385A9900203EBB /* Font.swift */,
			);
			path = StaticConfig;
			sourceTree = "<group>";
		};
		45983F062A385B6F00203EBB /* Base */ = {
			isa = PBXGroup;
			children = (
				45983F072A385B7C00203EBB /* UIColor+Extension.swift */,
				45983F092A38609B00203EBB /* String+Extension.swift */,
			);
			path = Base;
			sourceTree = "<group>";
		};
		45D1607A2A2F1C3500D633E1 = {
			isa = PBXGroup;
			children = (
				45D160852A2F1C3500D633E1 /* beep-ios */,
				45D160842A2F1C3500D633E1 /* Products */,
				94CFFB437150511825CEFDAD /* Pods */,
				290286118159289B1C9ECFE7 /* Frameworks */,
			);
			sourceTree = "<group>";
		};
		45D160842A2F1C3500D633E1 /* Products */ = {
			isa = PBXGroup;
			children = (
				45D160832A2F1C3500D633E1 /* beep-ios.app */,
			);
			name = Products;
			sourceTree = "<group>";
		};
		45D160852A2F1C3500D633E1 /* beep-ios */ = {
			isa = PBXGroup;
			children = (
				45983F062A385B6F00203EBB /* Base */,
				45983EE22A38587A00203EBB /* StaticConfig */,
				45983ED92A3857C000203EBB /* Root */,
				45D160862A2F1C3500D633E1 /* AppDelegate.swift */,
				45D1608A2A2F1C3500D633E1 /* ViewController.swift */,
				45D1608F2A2F1C3800D633E1 /* Assets.xcassets */,
				45D160912A2F1C3800D633E1 /* LaunchScreen.storyboard */,
				45D160942A2F1C3800D633E1 /* Info.plist */,
			);
			path = "beep-ios";
			sourceTree = "<group>";
		};
		94CFFB437150511825CEFDAD /* Pods */ = {
			isa = PBXGroup;
			children = (
				98C591E3B0958C203A441A56 /* Pods-beep-ios.debug.xcconfig */,
				860DB2D2AF67BA5A9C1930B9 /* Pods-beep-ios.release.xcconfig */,
			);
			path = Pods;
			sourceTree = "<group>";
		};
/* End PBXGroup section */

/* Begin PBXNativeTarget section */
		45D160822A2F1C3500D633E1 /* beep-ios */ = {
			isa = PBXNativeTarget;
			buildConfigurationList = 45D160972A2F1C3800D633E1 /* Build configuration list for PBXNativeTarget "beep-ios" */;
			buildPhases = (
				A89AE219EC9070615D7B1816 /* [CP] Check Pods Manifest.lock */,
				45D1607F2A2F1C3500D633E1 /* Sources */,
				45D160802A2F1C3500D633E1 /* Frameworks */,
				45D160812A2F1C3500D633E1 /* Resources */,
				B8DA3763A63F563E5DABAF04 /* [CP] Embed Pods Frameworks */,
			);
			buildRules = (
			);
			dependencies = (
			);
			name = "beep-ios";
			productName = "beep-ios";
			productReference = 45D160832A2F1C3500D633E1 /* beep-ios.app */;
			productType = "com.apple.product-type.application";
		};
/* End PBXNativeTarget section */

/* Begin PBXProject section */
		45D1607B2A2F1C3500D633E1 /* Project object */ = {
			isa = PBXProject;
			attributes = {
				BuildIndependentTargetsInParallel = 1;
				LastSwiftUpdateCheck = 1400;
				LastUpgradeCheck = 1400;
				TargetAttributes = {
					45D160822A2F1C3500D633E1 = {
						CreatedOnToolsVersion = 14.0.1;
					};
				};
			};
			buildConfigurationList = 45D1607E2A2F1C3500D633E1 /* Build configuration list for PBXProject "beep-ios" */;
			compatibilityVersion = "Xcode 14.0";
			developmentRegion = en;
			hasScannedForEncodings = 0;
			knownRegions = (
				en,
				Base,
			);
			mainGroup = 45D1607A2A2F1C3500D633E1;
			productRefGroup = 45D160842A2F1C3500D633E1 /* Products */;
			projectDirPath = "";
			projectRoot = "";
			targets = (
				45D160822A2F1C3500D633E1 /* beep-ios */,
			);
		};
/* End PBXProject section */

/* Begin PBXResourcesBuildPhase section */
		45D160812A2F1C3500D633E1 /* Resources */ = {
			isa = PBXResourcesBuildPhase;
			buildActionMask = 2147483647;
			files = (
				45D160932A2F1C3800D633E1 /* LaunchScreen.storyboard in Resources */,
				45D160902A2F1C3800D633E1 /* Assets.xcassets in Resources */,
			);
			runOnlyForDeploymentPostprocessing = 0;
		};
/* End PBXResourcesBuildPhase section */

/* Begin PBXShellScriptBuildPhase section */
		A89AE219EC9070615D7B1816 /* [CP] Check Pods Manifest.lock */ = {
			isa = PBXShellScriptBuildPhase;
			buildActionMask = 2147483647;
			files = (
			);
			inputFileListPaths = (
			);
			inputPaths = (
				"${PODS_PODFILE_DIR_PATH}/Podfile.lock",
				"${PODS_ROOT}/Manifest.lock",
			);
			name = "[CP] Check Pods Manifest.lock";
			outputFileListPaths = (
			);
			outputPaths = (
				"$(DERIVED_FILE_DIR)/Pods-beep-ios-checkManifestLockResult.txt",
			);
			runOnlyForDeploymentPostprocessing = 0;
			shellPath = /bin/sh;
			shellScript = "diff \"${PODS_PODFILE_DIR_PATH}/Podfile.lock\" \"${PODS_ROOT}/Manifest.lock\" > /dev/null\nif [ $? != 0 ] ; then\n    # print error to STDERR\n    echo \"error: The sandbox is not in sync with the Podfile.lock. Run 'pod install' or update your CocoaPods installation.\" >&2\n    exit 1\nfi\n# This output is used by Xcode 'outputs' to avoid re-running this script phase.\necho \"SUCCESS\" > \"${SCRIPT_OUTPUT_FILE_0}\"\n";
			showEnvVarsInLog = 0;
		};
		B8DA3763A63F563E5DABAF04 /* [CP] Embed Pods Frameworks */ = {
			isa = PBXShellScriptBuildPhase;
			buildActionMask = 2147483647;
			files = (
			);
			inputFileListPaths = (
				"${PODS_ROOT}/Target Support Files/Pods-beep-ios/Pods-beep-ios-frameworks-${CONFIGURATION}-input-files.xcfilelist",
			);
			name = "[CP] Embed Pods Frameworks";
			outputFileListPaths = (
				"${PODS_ROOT}/Target Support Files/Pods-beep-ios/Pods-beep-ios-frameworks-${CONFIGURATION}-output-files.xcfilelist",
			);
			runOnlyForDeploymentPostprocessing = 0;
			shellPath = /bin/sh;
			shellScript = "\"${PODS_ROOT}/Target Support Files/Pods-beep-ios/Pods-beep-ios-frameworks.sh\"\n";
			showEnvVarsInLog = 0;
		};
/* End PBXShellScriptBuildPhase section */

/* Begin PBXSourcesBuildPhase section */
		45D1607F2A2F1C3500D633E1 /* Sources */ = {
			isa = PBXSourcesBuildPhase;
			buildActionMask = 2147483647;
			files = (
				45983EDF2A3857CE00203EBB /* RootViewController.swift in Sources */,
				45983F052A385A9900203EBB /* Font.swift in Sources */,
				45983F082A385B7C00203EBB /* UIColor+Extension.swift in Sources */,
				45983F0A2A38609B00203EBB /* String+Extension.swift in Sources */,
				45983EE42A38588E00203EBB /* StaticConfig.swift in Sources */,
				45D1608B2A2F1C3500D633E1 /* ViewController.swift in Sources */,
				45D160872A2F1C3500D633E1 /* AppDelegate.swift in Sources */,
				45983F032A385A9200203EBB /* Color.swift in Sources */,
			);
			runOnlyForDeploymentPostprocessing = 0;
		};
/* End PBXSourcesBuildPhase section */

/* Begin PBXVariantGroup section */
		45D160912A2F1C3800D633E1 /* LaunchScreen.storyboard */ = {
			isa = PBXVariantGroup;
			children = (
				45D160922A2F1C3800D633E1 /* Base */,
			);
			name = LaunchScreen.storyboard;
			sourceTree = "<group>";
		};
/* End PBXVariantGroup section */

/* Begin XCBuildConfiguration section */
		45D160952A2F1C3800D633E1 /* Debug */ = {
			isa = XCBuildConfiguration;
			buildSettings = {
				ALWAYS_SEARCH_USER_PATHS = NO;
				CLANG_ANALYZER_NONNULL = YES;
				CLANG_ANALYZER_NUMBER_OBJECT_CONVERSION = YES_AGGRESSIVE;
				CLANG_CXX_LANGUAGE_STANDARD = "gnu++20";
				CLANG_ENABLE_MODULES = YES;
				CLANG_ENABLE_OBJC_ARC = YES;
				CLANG_ENABLE_OBJC_WEAK = YES;
				CLANG_WARN_BLOCK_CAPTURE_AUTORELEASING = YES;
				CLANG_WARN_BOOL_CONVERSION = YES;
				CLANG_WARN_COMMA = YES;
				CLANG_WARN_CONSTANT_CONVERSION = YES;
				CLANG_WARN_DEPRECATED_OBJC_IMPLEMENTATIONS = YES;
				CLANG_WARN_DIRECT_OBJC_ISA_USAGE = YES_ERROR;
				CLANG_WARN_DOCUMENTATION_COMMENTS = YES;
				CLANG_WARN_EMPTY_BODY = YES;
				CLANG_WARN_ENUM_CONVERSION = YES;
				CLANG_WARN_INFINITE_RECURSION = YES;
				CLANG_WARN_INT_CONVERSION = YES;
				CLANG_WARN_NON_LITERAL_NULL_CONVERSION = YES;
				CLANG_WARN_OBJC_IMPLICIT_RETAIN_SELF = YES;
				CLANG_WARN_OBJC_LITERAL_CONVERSION = YES;
				CLANG_WARN_OBJC_ROOT_CLASS = YES_ERROR;
				CLANG_WARN_QUOTED_INCLUDE_IN_FRAMEWORK_HEADER = YES;
				CLANG_WARN_RANGE_LOOP_ANALYSIS = YES;
				CLANG_WARN_STRICT_PROTOTYPES = YES;
				CLANG_WARN_SUSPICIOUS_MOVE = YES;
				CLANG_WARN_UNGUARDED_AVAILABILITY = YES_AGGRESSIVE;
				CLANG_WARN_UNREACHABLE_CODE = YES;
				CLANG_WARN__DUPLICATE_METHOD_MATCH = YES;
				COPY_PHASE_STRIP = NO;
				DEBUG_INFORMATION_FORMAT = dwarf;
				ENABLE_STRICT_OBJC_MSGSEND = YES;
				ENABLE_TESTABILITY = YES;
				GCC_C_LANGUAGE_STANDARD = gnu11;
				GCC_DYNAMIC_NO_PIC = NO;
				GCC_NO_COMMON_BLOCKS = YES;
				GCC_OPTIMIZATION_LEVEL = 0;
				GCC_PREPROCESSOR_DEFINITIONS = (
					"DEBUG=1",
					"$(inherited)",
				);
				GCC_WARN_64_TO_32_BIT_CONVERSION = YES;
				GCC_WARN_ABOUT_RETURN_TYPE = YES_ERROR;
				GCC_WARN_UNDECLARED_SELECTOR = YES;
				GCC_WARN_UNINITIALIZED_AUTOS = YES_AGGRESSIVE;
				GCC_WARN_UNUSED_FUNCTION = YES;
				GCC_WARN_UNUSED_VARIABLE = YES;
				IPHONEOS_DEPLOYMENT_TARGET = 14.0;
				MTL_ENABLE_DEBUG_INFO = INCLUDE_SOURCE;
				MTL_FAST_MATH = YES;
				ONLY_ACTIVE_ARCH = YES;
				SDKROOT = iphoneos;
				SWIFT_ACTIVE_COMPILATION_CONDITIONS = DEBUG;
				SWIFT_OPTIMIZATION_LEVEL = "-Onone";
			};
			name = Debug;
		};
		45D160962A2F1C3800D633E1 /* Release */ = {
			isa = XCBuildConfiguration;
			buildSettings = {
				ALWAYS_SEARCH_USER_PATHS = NO;
				CLANG_ANALYZER_NONNULL = YES;
				CLANG_ANALYZER_NUMBER_OBJECT_CONVERSION = YES_AGGRESSIVE;
				CLANG_CXX_LANGUAGE_STANDARD = "gnu++20";
				CLANG_ENABLE_MODULES = YES;
				CLANG_ENABLE_OBJC_ARC = YES;
				CLANG_ENABLE_OBJC_WEAK = YES;
				CLANG_WARN_BLOCK_CAPTURE_AUTORELEASING = YES;
				CLANG_WARN_BOOL_CONVERSION = YES;
				CLANG_WARN_COMMA = YES;
				CLANG_WARN_CONSTANT_CONVERSION = YES;
				CLANG_WARN_DEPRECATED_OBJC_IMPLEMENTATIONS = YES;
				CLANG_WARN_DIRECT_OBJC_ISA_USAGE = YES_ERROR;
				CLANG_WARN_DOCUMENTATION_COMMENTS = YES;
				CLANG_WARN_EMPTY_BODY = YES;
				CLANG_WARN_ENUM_CONVERSION = YES;
				CLANG_WARN_INFINITE_RECURSION = YES;
				CLANG_WARN_INT_CONVERSION = YES;
				CLANG_WARN_NON_LITERAL_NULL_CONVERSION = YES;
				CLANG_WARN_OBJC_IMPLICIT_RETAIN_SELF = YES;
				CLANG_WARN_OBJC_LITERAL_CONVERSION = YES;
				CLANG_WARN_OBJC_ROOT_CLASS = YES_ERROR;
				CLANG_WARN_QUOTED_INCLUDE_IN_FRAMEWORK_HEADER = YES;
				CLANG_WARN_RANGE_LOOP_ANALYSIS = YES;
				CLANG_WARN_STRICT_PROTOTYPES = YES;
				CLANG_WARN_SUSPICIOUS_MOVE = YES;
				CLANG_WARN_UNGUARDED_AVAILABILITY = YES_AGGRESSIVE;
				CLANG_WARN_UNREACHABLE_CODE = YES;
				CLANG_WARN__DUPLICATE_METHOD_MATCH = YES;
				COPY_PHASE_STRIP = NO;
				DEBUG_INFORMATION_FORMAT = "dwarf-with-dsym";
				ENABLE_NS_ASSERTIONS = NO;
				ENABLE_STRICT_OBJC_MSGSEND = YES;
				GCC_C_LANGUAGE_STANDARD = gnu11;
				GCC_NO_COMMON_BLOCKS = YES;
				GCC_WARN_64_TO_32_BIT_CONVERSION = YES;
				GCC_WARN_ABOUT_RETURN_TYPE = YES_ERROR;
				GCC_WARN_UNDECLARED_SELECTOR = YES;
				GCC_WARN_UNINITIALIZED_AUTOS = YES_AGGRESSIVE;
				GCC_WARN_UNUSED_FUNCTION = YES;
				GCC_WARN_UNUSED_VARIABLE = YES;
				IPHONEOS_DEPLOYMENT_TARGET = 14.0;
				MTL_ENABLE_DEBUG_INFO = NO;
				MTL_FAST_MATH = YES;
				SDKROOT = iphoneos;
				SWIFT_COMPILATION_MODE = wholemodule;
				SWIFT_OPTIMIZATION_LEVEL = "-O";
				VALIDATE_PRODUCT = YES;
			};
			name = Release;
		};
		45D160982A2F1C3800D633E1 /* Debug */ = {
			isa = XCBuildConfiguration;
			baseConfigurationReference = 98C591E3B0958C203A441A56 /* Pods-beep-ios.debug.xcconfig */;
			buildSettings = {
				ASSETCATALOG_COMPILER_APPICON_NAME = AppIcon;
				ASSETCATALOG_COMPILER_GLOBAL_ACCENT_COLOR_NAME = AccentColor;
				CODE_SIGN_STYLE = Automatic;
				CURRENT_PROJECT_VERSION = 1;
				DEVELOPMENT_TEAM = QL8Z974T3C;
				GENERATE_INFOPLIST_FILE = YES;
				INFOPLIST_FILE = "beep-ios/Info.plist";
				INFOPLIST_KEY_UIApplicationSupportsIndirectInputEvents = YES;
				INFOPLIST_KEY_UILaunchStoryboardName = LaunchScreen;
				INFOPLIST_KEY_UISupportedInterfaceOrientations_iPad = "UIInterfaceOrientationPortrait UIInterfaceOrientationPortraitUpsideDown UIInterfaceOrientationLandscapeLeft UIInterfaceOrientationLandscapeRight";
				INFOPLIST_KEY_UISupportedInterfaceOrientations_iPhone = "UIInterfaceOrientationPortrait UIInterfaceOrientationLandscapeLeft UIInterfaceOrientationLandscapeRight";
				IPHONEOS_DEPLOYMENT_TARGET = 14.0;
				LD_RUNPATH_SEARCH_PATHS = (
					"$(inherited)",
					"@executable_path/Frameworks",
				);
				MARKETING_VERSION = 1.0;
				PRODUCT_BUNDLE_IDENTIFIER = com.lighthouse.beep;
				PRODUCT_NAME = "$(TARGET_NAME)";
				SWIFT_EMIT_LOC_STRINGS = YES;
				SWIFT_VERSION = 5.0;
				TARGETED_DEVICE_FAMILY = "1,2";
			};
			name = Debug;
		};
		45D160992A2F1C3800D633E1 /* Release */ = {
			isa = XCBuildConfiguration;
			baseConfigurationReference = 860DB2D2AF67BA5A9C1930B9 /* Pods-beep-ios.release.xcconfig */;
			buildSettings = {
				ASSETCATALOG_COMPILER_APPICON_NAME = AppIcon;
				ASSETCATALOG_COMPILER_GLOBAL_ACCENT_COLOR_NAME = AccentColor;
				CODE_SIGN_STYLE = Automatic;
				CURRENT_PROJECT_VERSION = 1;
				DEVELOPMENT_TEAM = QL8Z974T3C;
				GENERATE_INFOPLIST_FILE = YES;
				INFOPLIST_FILE = "beep-ios/Info.plist";
				INFOPLIST_KEY_UIApplicationSupportsIndirectInputEvents = YES;
				INFOPLIST_KEY_UILaunchStoryboardName = LaunchScreen;
				INFOPLIST_KEY_UISupportedInterfaceOrientations_iPad = "UIInterfaceOrientationPortrait UIInterfaceOrientationPortraitUpsideDown UIInterfaceOrientationLandscapeLeft UIInterfaceOrientationLandscapeRight";
				INFOPLIST_KEY_UISupportedInterfaceOrientations_iPhone = "UIInterfaceOrientationPortrait UIInterfaceOrientationLandscapeLeft UIInterfaceOrientationLandscapeRight";
				IPHONEOS_DEPLOYMENT_TARGET = 14.0;
				LD_RUNPATH_SEARCH_PATHS = (
					"$(inherited)",
					"@executable_path/Frameworks",
				);
				MARKETING_VERSION = 1.0;
				PRODUCT_BUNDLE_IDENTIFIER = com.lighthouse.beep;
				PRODUCT_NAME = "$(TARGET_NAME)";
				SWIFT_EMIT_LOC_STRINGS = YES;
				SWIFT_VERSION = 5.0;
				TARGETED_DEVICE_FAMILY = "1,2";
			};
			name = Release;
		};
/* End XCBuildConfiguration section */

/* Begin XCConfigurationList section */
		45D1607E2A2F1C3500D633E1 /* Build configuration list for PBXProject "beep-ios" */ = {
			isa = XCConfigurationList;
			buildConfigurations = (
				45D160952A2F1C3800D633E1 /* Debug */,
				45D160962A2F1C3800D633E1 /* Release */,
			);
			defaultConfigurationIsVisible = 0;
			defaultConfigurationName = Release;
		};
		45D160972A2F1C3800D633E1 /* Build configuration list for PBXNativeTarget "beep-ios" */ = {
			isa = XCConfigurationList;
			buildConfigurations = (
				45D160982A2F1C3800D633E1 /* Debug */,
				45D160992A2F1C3800D633E1 /* Release */,
			);
			defaultConfigurationIsVisible = 0;
			defaultConfigurationName = Release;
		};
/* End XCConfigurationList section */
	};
	rootObject = 45D1607B2A2F1C3500D633E1 /* Project object */;
}
